[[package]]
name = "backoff"
version = "1.8.0"
description = "Function decoration for backoff and retry"
category = "main"
optional = false
python-versions = ">=2.7, !=3.0.*, !=3.1.*, !=3.2.*, !=3.3.*"

[[package]]
name = "boto3"
version = "1.24.53"
description = "The AWS SDK for Python"
category = "main"
optional = false
python-versions = ">= 3.7"

[package.dependencies]
botocore = ">=1.27.53,<1.28.0"
jmespath = ">=0.7.1,<2.0.0"
s3transfer = ">=0.6.0,<0.7.0"

[package.extras]
crt = ["botocore[crt] (>=1.21.0,<2.0a0)"]

[[package]]
name = "botocore"
version = "1.27.92"
description = "Low-level, data-driven core of boto 3."
category = "main"
optional = false
python-versions = ">= 3.7"

[package.dependencies]
jmespath = ">=0.7.1,<2.0.0"
python-dateutil = ">=2.1,<3.0.0"
urllib3 = ">=1.25.4,<1.27"

[package.extras]
crt = ["awscrt (==0.14.0)"]

[[package]]
name = "cchardet"
version = "2.1.7"
description = "cChardet is high speed universal character encoding detector."
category = "main"
optional = false
python-versions = "*"

[[package]]
name = "chardet"
version = "5.0.0"
description = "Universal encoding detector for Python 3"
category = "main"
optional = false
python-versions = ">=3.6"

[[package]]
name = "ciso8601"
version = "2.2.0"
description = "Fast ISO8601 date time parser for Python written in C"
category = "main"
optional = false
python-versions = "*"

[[package]]
name = "clevercsv"
version = "0.6.8"
description = "A Python package for handling messy CSV files"
category = "main"
optional = false
python-versions = ">=3.6.0"

[package.dependencies]
chardet = ">=3.0"
regex = ">=2018.11"

[package.extras]
dev = ["cleo (>=0.7.6)", "clikit (>=0.4.0)", "green", "m2r", "pandas (>=0.24.1)", "pythonfuzz", "sphinx", "sphinx-rtd-theme", "tabview (>=1.4)", "termcolor"]
docs = ["m2r", "sphinx"]
full = ["cleo (>=0.7.6)", "clikit (>=0.4.0)", "pandas (>=0.24.1)", "tabview (>=1.4)"]
tests = ["cleo (>=0.7.6)", "clikit (>=0.4.0)", "pandas (>=0.24.1)", "tabview (>=1.4)"]

[[package]]
name = "jmespath"
version = "1.0.1"
description = "JSON Matching Expressions"
category = "main"
optional = false
python-versions = ">=3.7"

[[package]]
name = "jsonschema"
version = "2.6.0"
description = "An implementation of JSON Schema validation for Python"
category = "main"
optional = false
python-versions = "*"

[package.extras]
format = ["rfc3987", "strict-rfc3339", "webcolors"]

[[package]]
name = "numpy"
version = "1.21.6"
description = "NumPy is the fundamental package for array computing with Python."
category = "main"
optional = false
python-versions = ">=3.7,<3.11"

[[package]]
name = "orjson"
version = "3.7.12"
description = "Fast, correct Python JSON library supporting dataclasses, datetimes, and numpy"
category = "main"
optional = false
python-versions = ">=3.7"

[[package]]
name = "pandas"
version = "1.3.5"
description = "Powerful data structures for data analysis, time series, and statistics"
category = "main"
optional = false
python-versions = ">=3.7.1"

[package.dependencies]
numpy = [
    {version = ">=1.17.3", markers = "platform_machine != \"aarch64\" and platform_machine != \"arm64\" and python_version < \"3.10\""},
    {version = ">=1.19.2", markers = "platform_machine == \"aarch64\" and python_version < \"3.10\""},
    {version = ">=1.20.0", markers = "platform_machine == \"arm64\" and python_version < \"3.10\""},
]
python-dateutil = ">=2.7.3"
pytz = ">=2017.3"

[package.extras]
test = ["hypothesis (>=3.58)", "pytest (>=6.0)", "pytest-xdist"]

[[package]]
name = "python-dateutil"
version = "2.8.2"
description = "Extensions to the standard Python datetime module"
category = "main"
optional = false
python-versions = "!=3.0.*,!=3.1.*,!=3.2.*,>=2.7"

[package.dependencies]
six = ">=1.5"

[[package]]
name = "pytz"
version = "2018.4"
description = "World timezone definitions, modern and historical"
category = "main"
optional = false
python-versions = "*"

[[package]]
name = "regex"
version = "2022.9.13"
description = "Alternative regular expression module, to replace re."
category = "main"
optional = false
python-versions = ">=3.6"

[[package]]
name = "s3transfer"
version = "0.6.0"
description = "An Amazon S3 Transfer Manager"
category = "main"
optional = false
python-versions = ">= 3.7"

[package.dependencies]
botocore = ">=1.12.36,<2.0a.0"

[package.extras]
crt = ["botocore[crt] (>=1.20.29,<2.0a.0)"]

[[package]]
name = "simplejson"
version = "3.11.1"
description = "Simple, fast, extensible JSON encoder/decoder for Python"
category = "main"
optional = false
python-versions = "*"

[[package]]
name = "singer-encodings"
version = "0.1.2"
description = "Singer.io encodings library"
category = "main"
optional = false
python-versions = "*"

[package.dependencies]
singer-python = "*"

[package.extras]
dev = ["nose"]

[[package]]
name = "singer-python"
version = "5.12.1"
description = "Singer.io utility library"
category = "main"
optional = false
python-versions = "*"

[package.dependencies]
backoff = "1.8.0"
ciso8601 = "*"
jsonschema = "2.6.0"
python-dateutil = ">=2.6.0"
pytz = "2018.4"
simplejson = "3.11.1"

[package.extras]
dev = ["ipdb", "ipython", "nose", "pylint", "singer-tools"]

[[package]]
name = "six"
version = "1.16.0"
description = "Python 2 and 3 compatibility utilities"
category = "main"
optional = false
python-versions = ">=2.7, !=3.0.*, !=3.1.*, !=3.2.*"

[[package]]
name = "urllib3"
version = "1.26.12"
description = "HTTP library with thread-safe connection pooling, file post, and more."
category = "main"
optional = false
python-versions = ">=2.7, !=3.0.*, !=3.1.*, !=3.2.*, !=3.3.*, !=3.4.*, !=3.5.*, <4"

[package.extras]
brotli = ["brotli (>=1.0.9)", "brotlicffi (>=0.8.0)", "brotlipy (>=0.6.0)"]
secure = ["certifi", "cryptography (>=1.3.4)", "idna (>=2.0.0)", "ipaddress", "pyOpenSSL (>=0.14)", "urllib3-secure-extra"]
socks = ["PySocks (>=1.5.6,!=1.5.7,<2.0)"]

[[package]]
name = "voluptuous"
version = "0.10.5"
description = "Voluptuous is a Python data validation library"
category = "main"
optional = false
python-versions = "*"

[metadata]
lock-version = "1.1"
python-versions = ">=3.7.1,<3.8"
content-hash = "785d4a4ce352510e4ed71ef12303c3afed5b34ac2706d399087ce834956bfe37"

[metadata.files]
backoff = [
    {file = "backoff-1.8.0-py2.py3-none-any.whl", hash = "sha256:d340bb6f36d025c04214b8925112d8456970e5f28dda46e4f1133bf5c622cb0a"},
    {file = "backoff-1.8.0.tar.gz", hash = "sha256:c7187f15339e775aec926dc6e5e42f8a3ad7d3c2b9a6ecae7b535000f70cd838"},
]
boto3 = [
    {file = "boto3-1.24.53-py3-none-any.whl", hash = "sha256:8cb7b14c9600762e899e41ae2fa3d9fd90100325a8b370f8829959c0e3e06376"},
    {file = "boto3-1.24.53.tar.gz", hash = "sha256:ab8ec4b02a1ed638b229b77b28a3fa577ad5acc215846a67e81e279c4f770eab"},
]
botocore = [
    {file = "botocore-1.27.92-py3-none-any.whl", hash = "sha256:b49c34b80c782625905be75e669da4b42a99f074e0aa3007e15ccc6955682a07"},
    {file = "botocore-1.27.92.tar.gz", hash = "sha256:70cf2cb04968794ed4688cc3b07874f6f4c932e325611be4e693a995fdb481be"},
]
cchardet = [
    {file = "cchardet-2.1.7-cp36-cp36m-macosx_10_9_x86_64.whl", hash = "sha256:c6f70139aaf47ffb94d89db603af849b82efdf756f187cdd3e566e30976c519f"},
    {file = "cchardet-2.1.7-cp36-cp36m-manylinux1_i686.whl", hash = "sha256:5a25f9577e9bebe1a085eec2d6fdd72b7a9dd680811bba652ea6090fb2ff472f"},
    {file = "cchardet-2.1.7-cp36-cp36m-manylinux1_x86_64.whl", hash = "sha256:6b6397d8a32b976a333bdae060febd39ad5479817fabf489e5596a588ad05133"},
    {file = "cchardet-2.1.7-cp36-cp36m-manylinux2010_i686.whl", hash = "sha256:228d2533987c450f39acf7548f474dd6814c446e9d6bd228e8f1d9a2d210f10b"},
    {file = "cchardet-2.1.7-cp36-cp36m-manylinux2010_x86_64.whl", hash = "sha256:54341e7e1ba9dc0add4c9d23b48d3a94e2733065c13920e85895f944596f6150"},
    {file = "cchardet-2.1.7-cp36-cp36m-win32.whl", hash = "sha256:eee4f5403dc3a37a1ca9ab87db32b48dc7e190ef84601068f45397144427cc5e"},
    {file = "cchardet-2.1.7-cp36-cp36m-win_amd64.whl", hash = "sha256:f86e0566cb61dc4397297696a4a1b30f6391b50bc52b4f073507a48466b6255a"},
    {file = "cchardet-2.1.7-cp37-cp37m-macosx_10_9_x86_64.whl", hash = "sha256:302aa443ae2526755d412c9631136bdcd1374acd08e34f527447f06f3c2ddb98"},
    {file = "cchardet-2.1.7-cp37-cp37m-manylinux1_i686.whl", hash = "sha256:70eeae8aaf61192e9b247cf28969faef00578becd2602526ecd8ae7600d25e0e"},
    {file = "cchardet-2.1.7-cp37-cp37m-manylinux1_x86_64.whl", hash = "sha256:a39526c1c526843965cec589a6f6b7c2ab07e3e56dc09a7f77a2be6a6afa4636"},
    {file = "cchardet-2.1.7-cp37-cp37m-manylinux2010_i686.whl", hash = "sha256:b154effa12886e9c18555dfc41a110f601f08d69a71809c8d908be4b1ab7314f"},
    {file = "cchardet-2.1.7-cp37-cp37m-manylinux2010_x86_64.whl", hash = "sha256:ec3eb5a9c475208cf52423524dcaf713c394393e18902e861f983c38eeb77f18"},
    {file = "cchardet-2.1.7-cp37-cp37m-win32.whl", hash = "sha256:50ad671e8d6c886496db62c3bd68b8d55060688c655873aa4ce25ca6105409a1"},
    {file = "cchardet-2.1.7-cp37-cp37m-win_amd64.whl", hash = "sha256:54d0b26fd0cd4099f08fb9c167600f3e83619abefeaa68ad823cc8ac1f7bcc0c"},
    {file = "cchardet-2.1.7-cp38-cp38-macosx_10_9_x86_64.whl", hash = "sha256:b59ddc615883835e03c26f81d5fc3671fab2d32035c87f50862de0da7d7db535"},
    {file = "cchardet-2.1.7-cp38-cp38-manylinux1_i686.whl", hash = "sha256:27a9ba87c9f99e0618e1d3081189b1217a7d110e5c5597b0b7b7c3fedd1c340a"},
    {file = "cchardet-2.1.7-cp38-cp38-manylinux1_x86_64.whl", hash = "sha256:90086e5645f8a1801350f4cc6cb5d5bf12d3fa943811bb08667744ec1ecc9ccd"},
    {file = "cchardet-2.1.7-cp38-cp38-manylinux2010_i686.whl", hash = "sha256:45456c59ec349b29628a3c6bfb86d818ec3a6fbb7eb72de4ff3bd4713681c0e3"},
    {file = "cchardet-2.1.7-cp38-cp38-manylinux2010_x86_64.whl", hash = "sha256:f16517f3697569822c6d09671217fdeab61dfebc7acb5068634d6b0728b86c0b"},
    {file = "cchardet-2.1.7-cp38-cp38-win32.whl", hash = "sha256:0b859069bbb9d27c78a2c9eb997e6f4b738db2d7039a03f8792b4058d61d1109"},
    {file = "cchardet-2.1.7-cp38-cp38-win_amd64.whl", hash = "sha256:273699c4e5cd75377776501b72a7b291a988c6eec259c29505094553ee505597"},
    {file = "cchardet-2.1.7-cp39-cp39-macosx_10_9_x86_64.whl", hash = "sha256:48ba829badef61441e08805cfa474ccd2774be2ff44b34898f5854168c596d4d"},
    {file = "cchardet-2.1.7-cp39-cp39-manylinux1_i686.whl", hash = "sha256:bd7f262f41fd9caf5a5f09207a55861a67af6ad5c66612043ed0f81c58cdf376"},
    {file = "cchardet-2.1.7-cp39-cp39-manylinux1_x86_64.whl", hash = "sha256:fdac1e4366d0579fff056d1280b8dc6348be964fda8ebb627c0269e097ab37fa"},
    {file = "cchardet-2.1.7-cp39-cp39-manylinux2010_i686.whl", hash = "sha256:80e6faae75ecb9be04a7b258dc4750d459529debb6b8dee024745b7b5a949a34"},
    {file = "cchardet-2.1.7-cp39-cp39-manylinux2010_x86_64.whl", hash = "sha256:c96aee9ebd1147400e608a3eff97c44f49811f8904e5a43069d55603ac4d8c97"},
    {file = "cchardet-2.1.7-cp39-cp39-win32.whl", hash = "sha256:2309ff8fc652b0fc3c0cff5dbb172530c7abb92fe9ba2417c9c0bcf688463c1c"},
    {file = "cchardet-2.1.7-cp39-cp39-win_amd64.whl", hash = "sha256:24974b3e40fee9e7557bb352be625c39ec6f50bc2053f44a3d1191db70b51675"},
    {file = "cchardet-2.1.7.tar.gz", hash = "sha256:c428b6336545053c2589f6caf24ea32276c6664cb86db817e03a94c60afa0eaf"},
]
chardet = [
    {file = "chardet-5.0.0-py3-none-any.whl", hash = "sha256:d3e64f022d254183001eccc5db4040520c0f23b1a3f33d6413e099eb7f126557"},
    {file = "chardet-5.0.0.tar.gz", hash = "sha256:0368df2bfd78b5fc20572bb4e9bb7fb53e2c094f60ae9993339e8671d0afb8aa"},
]
ciso8601 = [
    {file = "ciso8601-2.2.0.tar.gz", hash = "sha256:14ad817ed31a698372d42afa81b0173d71cd1d0b48b7499a2da2a01dcc8695e6"},
]
clevercsv = [
    {file = "clevercsv-0.6.8-cp36-cp36m-macosx_10_9_x86_64.whl", hash = "sha256:89f4b2c5666d64c91964a2c334d7ea54b117d31a08b23045c6fe90d20a6e01b2"},
    {file = "clevercsv-0.6.8-cp36-cp36m-manylinux1_i686.whl", hash = "sha256:9492b1b3dd876e3f1c2054ab932414edec900a50304dc4bc17ac875c7312b747"},
    {file = "clevercsv-0.6.8-cp36-cp36m-manylinux1_x86_64.whl", hash = "sha256:12409a54e6aff86127fe4ab64b0cfa5ac3a26ce3ba2825a7fea7f70ff7d08356"},
    {file = "clevercsv-0.6.8-cp36-cp36m-manylinux2010_i686.whl", hash = "sha256:63e79f010eaa0118c2576d257b75998320a2b5bf15f0a6cc558c659e791f6419"},
    {file = "clevercsv-0.6.8-cp36-cp36m-manylinux2010_x86_64.whl", hash = "sha256:7c1a9e3e82e134e64037f447c2b9d82ae9e291d8ee581b371857f034b4cdfe39"},
    {file = "clevercsv-0.6.8-cp36-cp36m-win32.whl", hash = "sha256:789561efd8bf09a93e8c02c4ea46370d208f49dd5580fd8811df67826b2ab5ed"},
    {file = "clevercsv-0.6.8-cp36-cp36m-win_amd64.whl", hash = "sha256:0f69d97997760ef0c8fcaee182ba60f9fd2244a0fe6234835c2bf4bd2690be1a"},
    {file = "clevercsv-0.6.8-cp37-cp37m-macosx_10_9_x86_64.whl", hash = "sha256:8c009a9c41de156721579383c3a65e2d5fdcb95a8b5f52a31a7b5e35c7257e24"},
    {file = "clevercsv-0.6.8-cp37-cp37m-manylinux1_i686.whl", hash = "sha256:c87651bfec38cf617019e7bd28df37584d0cfaf114b51f9fb16c99d21fe6ff0e"},
    {file = "clevercsv-0.6.8-cp37-cp37m-manylinux1_x86_64.whl", hash = "sha256:c534304275a641f03e315ffb15a7c0fab19d570cc6fcdeb392135191ee025570"},
    {file = "clevercsv-0.6.8-cp37-cp37m-manylinux2010_i686.whl", hash = "sha256:61fd546d9892c705f7fa39e899127ef0806adeab4a10992dade3fc023d87b996"},
    {file = "clevercsv-0.6.8-cp37-cp37m-manylinux2010_x86_64.whl", hash = "sha256:fee93a5b2e313bd42217bf2f57e3bcf77932566a1e9ddce221d38a467b50efca"},
    {file = "clevercsv-0.6.8-cp37-cp37m-win32.whl", hash = "sha256:305e2de1e004ccf7f93018c04d627845f69ba30ce9cbcda17667d1943ccb683c"},
    {file = "clevercsv-0.6.8-cp37-cp37m-win_amd64.whl", hash = "sha256:6df70641f2372a3bbd43ae3a65ee43c1dfe50bb8c5224086b4dd6742123aee43"},
    {file = "clevercsv-0.6.8-cp38-cp38-macosx_10_9_x86_64.whl", hash = "sha256:d3f86572bb17b2b55927030bb1b64b9bdb7cbeaf3e619586fba60ea7bbf9084d"},
    {file = "clevercsv-0.6.8-cp38-cp38-manylinux1_i686.whl", hash = "sha256:ff50a0beb97a6496a7dba74d46cbb3367e1317d299b6f360176363753b5fb3a8"},
    {file = "clevercsv-0.6.8-cp38-cp38-manylinux1_x86_64.whl", hash = "sha256:9bca52f7471b25658e42e1c2e72ed1fa2f556ff48fcbcc81a5b69c81781ae271"},
    {file = "clevercsv-0.6.8-cp38-cp38-manylinux2010_i686.whl", hash = "sha256:dd2d19eb7583b1eaae028f2719f145fa8f5b41f6b4a69d7062f20838eeb68e52"},
    {file = "clevercsv-0.6.8-cp38-cp38-manylinux2010_x86_64.whl", hash = "sha256:3a928d0927dfa5a5466d735888169be776b52ed5f077161826c7bf74ba09768f"},
    {file = "clevercsv-0.6.8-cp38-cp38-win32.whl", hash = "sha256:fb5692b1e2da864475abf2fa51ba918310e9dc0bc9ab483c9aeea5bc5948869b"},
    {file = "clevercsv-0.6.8-cp38-cp38-win_amd64.whl", hash = "sha256:93d9d392b0d16a7d6588f57394f2421910b6b369660cc1a5f4e2ae6990c46830"},
    {file = "clevercsv-0.6.8-cp39-cp39-macosx_10_9_x86_64.whl", hash = "sha256:6f11159fef17690823b78d4af0178669fd8ab39fcb7960fce99c9d8341b637ae"},
    {file = "clevercsv-0.6.8-cp39-cp39-manylinux1_i686.whl", hash = "sha256:80747e7d0a4681e2d7787230d2c61309dd423cf088e7e1e51f2a1f6f1f38b9e3"},
    {file = "clevercsv-0.6.8-cp39-cp39-manylinux1_x86_64.whl", hash = "sha256:7081699e4721e457a8d94d663223d707f9ca3513cbbc0f49daa4f482110ac6ae"},
    {file = "clevercsv-0.6.8-cp39-cp39-manylinux2010_i686.whl", hash = "sha256:0cfac3caa483c7eb1e96f59004e11c445d03dd69f485672687764a3fe7a206eb"},
    {file = "clevercsv-0.6.8-cp39-cp39-manylinux2010_x86_64.whl", hash = "sha256:8d682c48d89d129f5b5f6ad9a8da26378e3c1c10384b7911c8b6679a12757f4d"},
    {file = "clevercsv-0.6.8-cp39-cp39-win32.whl", hash = "sha256:8dbd3089a4571442813eef789e51e1ea6a99e149580275f0009d6376eae9f02f"},
    {file = "clevercsv-0.6.8-cp39-cp39-win_amd64.whl", hash = "sha256:39f226a7d5a607d9c50e1d2c1f19a568d23979705a2ed39498e03c13a0b7e54f"},
    {file = "clevercsv-0.6.8.tar.gz", hash = "sha256:e2e015221d27b95b6671852f23cb6d6fd003297ee3cd1220392b51253efd21e6"},
]
jmespath = [
    {file = "jmespath-1.0.1-py3-none-any.whl", hash = "sha256:02e2e4cc71b5bcab88332eebf907519190dd9e6e82107fa7f83b1003a6252980"},
    {file = "jmespath-1.0.1.tar.gz", hash = "sha256:90261b206d6defd58fdd5e85f478bf633a2901798906be2ad389150c5c60edbe"},
]
jsonschema = [
    {file = "jsonschema-2.6.0-py2.py3-none-any.whl", hash = "sha256:000e68abd33c972a5248544925a0cae7d1125f9bf6c58280d37546b946769a08"},
    {file = "jsonschema-2.6.0.tar.gz", hash = "sha256:6ff5f3180870836cae40f06fa10419f557208175f13ad7bc26caa77beb1f6e02"},
]
numpy = [
    {file = "numpy-1.21.6-cp310-cp310-macosx_10_9_universal2.whl", hash = "sha256:8737609c3bbdd48e380d463134a35ffad3b22dc56295eff6f79fd85bd0eeeb25"},
    {file = "numpy-1.21.6-cp310-cp310-macosx_10_9_x86_64.whl", hash = "sha256:fdffbfb6832cd0b300995a2b08b8f6fa9f6e856d562800fea9182316d99c4e8e"},
    {file = "numpy-1.21.6-cp310-cp310-macosx_11_0_arm64.whl", hash = "sha256:3820724272f9913b597ccd13a467cc492a0da6b05df26ea09e78b171a0bb9da6"},
    {file = "numpy-1.21.6-cp310-cp310-manylinux_2_17_aarch64.manylinux2014_aarch64.whl", hash = "sha256:f17e562de9edf691a42ddb1eb4a5541c20dd3f9e65b09ded2beb0799c0cf29bb"},
    {file = "numpy-1.21.6-cp310-cp310-manylinux_2_17_x86_64.manylinux2014_x86_64.whl", hash = "sha256:5f30427731561ce75d7048ac254dbe47a2ba576229250fb60f0fb74db96501a1"},
    {file = "numpy-1.21.6-cp310-cp310-win32.whl", hash = "sha256:d4bf4d43077db55589ffc9009c0ba0a94fa4908b9586d6ccce2e0b164c86303c"},
    {file = "numpy-1.21.6-cp310-cp310-win_amd64.whl", hash = "sha256:d136337ae3cc69aa5e447e78d8e1514be8c3ec9b54264e680cf0b4bd9011574f"},
    {file = "numpy-1.21.6-cp37-cp37m-macosx_10_9_x86_64.whl", hash = "sha256:6aaf96c7f8cebc220cdfc03f1d5a31952f027dda050e5a703a0d1c396075e3e7"},
    {file = "numpy-1.21.6-cp37-cp37m-manylinux_2_12_i686.manylinux2010_i686.whl", hash = "sha256:67c261d6c0a9981820c3a149d255a76918278a6b03b6a036800359aba1256d46"},
    {file = "numpy-1.21.6-cp37-cp37m-manylinux_2_12_x86_64.manylinux2010_x86_64.whl", hash = "sha256:a6be4cb0ef3b8c9250c19cc122267263093eee7edd4e3fa75395dfda8c17a8e2"},
    {file = "numpy-1.21.6-cp37-cp37m-manylinux_2_17_aarch64.manylinux2014_aarch64.whl", hash = "sha256:7c4068a8c44014b2d55f3c3f574c376b2494ca9cc73d2f1bd692382b6dffe3db"},
    {file = "numpy-1.21.6-cp37-cp37m-win32.whl", hash = "sha256:7c7e5fa88d9ff656e067876e4736379cc962d185d5cd808014a8a928d529ef4e"},
    {file = "numpy-1.21.6-cp37-cp37m-win_amd64.whl", hash = "sha256:bcb238c9c96c00d3085b264e5c1a1207672577b93fa666c3b14a45240b14123a"},
    {file = "numpy-1.21.6-cp38-cp38-macosx_10_9_universal2.whl", hash = "sha256:82691fda7c3f77c90e62da69ae60b5ac08e87e775b09813559f8901a88266552"},
    {file = "numpy-1.21.6-cp38-cp38-macosx_10_9_x86_64.whl", hash = "sha256:643843bcc1c50526b3a71cd2ee561cf0d8773f062c8cbaf9ffac9fdf573f83ab"},
    {file = "numpy-1.21.6-cp38-cp38-macosx_11_0_arm64.whl", hash = "sha256:357768c2e4451ac241465157a3e929b265dfac85d9214074985b1786244f2ef3"},
    {file = "numpy-1.21.6-cp38-cp38-manylinux_2_12_i686.manylinux2010_i686.whl", hash = "sha256:9f411b2c3f3d76bba0865b35a425157c5dcf54937f82bbeb3d3c180789dd66a6"},
    {file = "numpy-1.21.6-cp38-cp38-manylinux_2_12_x86_64.manylinux2010_x86_64.whl", hash = "sha256:4aa48afdce4660b0076a00d80afa54e8a97cd49f457d68a4342d188a09451c1a"},
    {file = "numpy-1.21.6-cp38-cp38-manylinux_2_17_aarch64.manylinux2014_aarch64.whl", hash = "sha256:d6a96eef20f639e6a97d23e57dd0c1b1069a7b4fd7027482a4c5c451cd7732f4"},
    {file = "numpy-1.21.6-cp38-cp38-win32.whl", hash = "sha256:5c3c8def4230e1b959671eb959083661b4a0d2e9af93ee339c7dada6759a9470"},
    {file = "numpy-1.21.6-cp38-cp38-win_amd64.whl", hash = "sha256:bf2ec4b75d0e9356edea834d1de42b31fe11f726a81dfb2c2112bc1eaa508fcf"},
    {file = "numpy-1.21.6-cp39-cp39-macosx_10_9_universal2.whl", hash = "sha256:4391bd07606be175aafd267ef9bea87cf1b8210c787666ce82073b05f202add1"},
    {file = "numpy-1.21.6-cp39-cp39-macosx_10_9_x86_64.whl", hash = "sha256:67f21981ba2f9d7ba9ade60c9e8cbaa8cf8e9ae51673934480e45cf55e953673"},
    {file = "numpy-1.21.6-cp39-cp39-macosx_11_0_arm64.whl", hash = "sha256:ee5ec40fdd06d62fe5d4084bef4fd50fd4bb6bfd2bf519365f569dc470163ab0"},
    {file = "numpy-1.21.6-cp39-cp39-manylinux_2_12_i686.manylinux2010_i686.whl", hash = "sha256:1dbe1c91269f880e364526649a52eff93ac30035507ae980d2fed33aaee633ac"},
    {file = "numpy-1.21.6-cp39-cp39-manylinux_2_12_x86_64.manylinux2010_x86_64.whl", hash = "sha256:d9caa9d5e682102453d96a0ee10c7241b72859b01a941a397fd965f23b3e016b"},
    {file = "numpy-1.21.6-cp39-cp39-manylinux_2_17_aarch64.manylinux2014_aarch64.whl", hash = "sha256:58459d3bad03343ac4b1b42ed14d571b8743dc80ccbf27444f266729df1d6f5b"},
    {file = "numpy-1.21.6-cp39-cp39-win32.whl", hash = "sha256:7f5ae4f304257569ef3b948810816bc87c9146e8c446053539947eedeaa32786"},
    {file = "numpy-1.21.6-cp39-cp39-win_amd64.whl", hash = "sha256:e31f0bb5928b793169b87e3d1e070f2342b22d5245c755e2b81caa29756246c3"},
    {file = "numpy-1.21.6-pp37-pypy37_pp73-manylinux_2_12_x86_64.manylinux2010_x86_64.whl", hash = "sha256:dd1c8f6bd65d07d3810b90d02eba7997e32abbdf1277a481d698969e921a3be0"},
    {file = "numpy-1.21.6.zip", hash = "sha256:ecb55251139706669fdec2ff073c98ef8e9a84473e51e716211b41aa0f18e656"},
]
orjson = [
    {file = "orjson-3.7.12-cp310-cp310-macosx_10_7_x86_64.whl", hash = "sha256:5fbf5ec736c952e150a4399862bdd0043c1597e4d9e64adebe750855e72e2f65"},
    {file = "orjson-3.7.12-cp310-cp310-macosx_10_9_x86_64.macosx_11_0_arm64.macosx_10_9_universal2.whl", hash = "sha256:c09ed2e953447472c497ec682f4f40727744ed72672600e2e105ed5c373a82b1"},
    {file = "orjson-3.7.12-cp310-cp310-manylinux_2_17_aarch64.manylinux2014_aarch64.whl", hash = "sha256:fdbbf6f8a23c66fa67661966891fd62341c5b7265e77fd6ecd7195aac26e76c0"},
    {file = "orjson-3.7.12-cp310-cp310-manylinux_2_17_armv7l.manylinux2014_armv7l.whl", hash = "sha256:a04df90f09e9c64c082d5e9af50e3e4c8cdc151b681f9d4928bb6bb17ef45c7b"},
    {file = "orjson-3.7.12-cp310-cp310-manylinux_2_17_x86_64.manylinux2014_x86_64.whl", hash = "sha256:946d769d6e57e31838c8486e3f440540214690aaecca3bd2a57e31a227d27031"},
    {file = "orjson-3.7.12-cp310-cp310-manylinux_2_28_aarch64.whl", hash = "sha256:fff4760d3c04edcc99be0c9040b4cbb3f6c4ae5b4c4fc1ec1f70c3fe47a9ea5a"},
    {file = "orjson-3.7.12-cp310-cp310-manylinux_2_28_x86_64.whl", hash = "sha256:a7a57ab51d92235604044da31e1481e53b44b6df4688929dd8c176ff09381516"},
    {file = "orjson-3.7.12-cp310-cp310-musllinux_1_1_aarch64.whl", hash = "sha256:0966b2f6db800ed40138df80040b84ba6a180f50af9b9a4ed5f7231114f6beb8"},
    {file = "orjson-3.7.12-cp310-cp310-musllinux_1_1_x86_64.whl", hash = "sha256:ec3f644f1a1e3b642050ee1428311eaec2b959ffb6122ebc216143e67a939b64"},
    {file = "orjson-3.7.12-cp310-none-win_amd64.whl", hash = "sha256:75a7d1b61300e76b06767dc60ff3f38af4a6634cb8169bc8e9db2b4124c27e6d"},
    {file = "orjson-3.7.12-cp311-cp311-manylinux_2_28_x86_64.whl", hash = "sha256:8c618af13ae16e050342018a9d019365c6f7d1cba04f42fd8d8ca1d1a604a54c"},
    {file = "orjson-3.7.12-cp37-cp37m-macosx_10_7_x86_64.whl", hash = "sha256:9ef5f5c5fd1d0086f9323dafacfa902c2f4f120f319e689457ee2a66aebfc889"},
    {file = "orjson-3.7.12-cp37-cp37m-macosx_10_9_x86_64.macosx_11_0_arm64.macosx_10_9_universal2.whl", hash = "sha256:eec6d61468ee0f251ac33d8738942390fda4e1e36f2d9c365ac271a87e78004b"},
    {file = "orjson-3.7.12-cp37-cp37m-manylinux_2_17_aarch64.manylinux2014_aarch64.whl", hash = "sha256:277ac2591570d88d5501cbf5855fc4a421cc51f3075b3be1b50ef2f8e8d2d014"},
    {file = "orjson-3.7.12-cp37-cp37m-manylinux_2_17_armv7l.manylinux2014_armv7l.whl", hash = "sha256:ae14ccad9b912abfee0e598a9fb57b6888ec3d2121983b757d9135702d1ab035"},
    {file = "orjson-3.7.12-cp37-cp37m-manylinux_2_17_x86_64.manylinux2014_x86_64.whl", hash = "sha256:53b8ac02e683286e1979f1c57c026503c2433a26525adb1671142b0b13d52a7c"},
    {file = "orjson-3.7.12-cp37-cp37m-manylinux_2_28_aarch64.whl", hash = "sha256:4d76fc5708cf1a7a394b42c1c697a8635fbce73730455870127815b8d7229bcf"},
    {file = "orjson-3.7.12-cp37-cp37m-manylinux_2_28_x86_64.whl", hash = "sha256:39717add544688a3a938fcbc4122cf1b31030ba8ea1145d12fc6ee29d0eabe27"},
    {file = "orjson-3.7.12-cp37-cp37m-musllinux_1_1_aarch64.whl", hash = "sha256:93beb800fc35402db6c7d435fcf8b3e45822eb668d112c2def3e2851b3557bb1"},
    {file = "orjson-3.7.12-cp37-cp37m-musllinux_1_1_x86_64.whl", hash = "sha256:148b33d2a9f7e464e0a292f13fa11e226baf11b61495ad536977e800bc9ca845"},
    {file = "orjson-3.7.12-cp37-none-win_amd64.whl", hash = "sha256:2baefa5fb5133448f06d24b2523dfb3eda562a93bb69c33f539c7bbb8b0d61ed"},
    {file = "orjson-3.7.12-cp38-cp38-macosx_10_7_x86_64.whl", hash = "sha256:e6ae6d14062be5a210909f8816936e0b9b9747b8416d99ec927ab4b8d73bdce6"},
    {file = "orjson-3.7.12-cp38-cp38-macosx_10_9_x86_64.macosx_11_0_arm64.macosx_10_9_universal2.whl", hash = "sha256:22738105f3e926ef22702b14a9b79652f18f8dd45b798a126ee9644e0ac683d8"},
    {file = "orjson-3.7.12-cp38-cp38-manylinux_2_17_aarch64.manylinux2014_aarch64.whl", hash = "sha256:a7e5aa0bf79f475c67d22eb4c085416ebb05042ce3c98abdbcfe11c1674d096d"},
    {file = "orjson-3.7.12-cp38-cp38-manylinux_2_17_armv7l.manylinux2014_armv7l.whl", hash = "sha256:8e7698b66ed751d9b887a27f5e02fb8405f06edafc47ac4542b2e10b2927f9e1"},
    {file = "orjson-3.7.12-cp38-cp38-manylinux_2_17_x86_64.manylinux2014_x86_64.whl", hash = "sha256:a9accc4ba1cb83b70ac89f9de465b12e96bc6713158d27b655106413ed07944a"},
    {file = "orjson-3.7.12-cp38-cp38-manylinux_2_28_aarch64.whl", hash = "sha256:5a9cc4f2231756b939f3aaa997024e748e06ac9bc5619343aa0e88b2833a567f"},
    {file = "orjson-3.7.12-cp38-cp38-manylinux_2_28_x86_64.whl", hash = "sha256:e1082f82cfc2fd9ee42b3716900da8b13a2efd627a105438c5d98f2476ddcd54"},
    {file = "orjson-3.7.12-cp38-cp38-musllinux_1_1_aarch64.whl", hash = "sha256:a80722ed6545069d4f8fe16e02f5e9a67e09b6872c4c7501fa095d57471d96a6"},
    {file = "orjson-3.7.12-cp38-cp38-musllinux_1_1_x86_64.whl", hash = "sha256:b37eba028ef4f55587ac4eb6dffc5207a884cb506f79e4104f2d5587f163a676"},
    {file = "orjson-3.7.12-cp38-none-win_amd64.whl", hash = "sha256:94cc18a7d20b1fc36f6a60ad98027a27e1462fb815cf0245728285df0ea6b5cf"},
    {file = "orjson-3.7.12-cp39-cp39-macosx_10_7_x86_64.whl", hash = "sha256:71975ed815c929e14351cfde6d74ea892e850f74b02eaa57d2b96cc8c3fbed7b"},
    {file = "orjson-3.7.12-cp39-cp39-macosx_10_9_x86_64.macosx_11_0_arm64.macosx_10_9_universal2.whl", hash = "sha256:5a45baa048b462774b3b777725416006b7eec4b70b1bfc40d895cfa65c5b5eac"},
    {file = "orjson-3.7.12-cp39-cp39-manylinux_2_17_aarch64.manylinux2014_aarch64.whl", hash = "sha256:0bffc45cd04480be9f18b790f28d716dde117de43b02e0f702935b584fada1de"},
    {file = "orjson-3.7.12-cp39-cp39-manylinux_2_17_armv7l.manylinux2014_armv7l.whl", hash = "sha256:a7122f702fe62e79ff3e8a6f975b5559440345ace5618ee1d97c49230f2839b6"},
    {file = "orjson-3.7.12-cp39-cp39-manylinux_2_17_x86_64.manylinux2014_x86_64.whl", hash = "sha256:e6d1fd006691ea9e500ebba753dea471daef8972260e8ef48b4f356daa2fb3d1"},
    {file = "orjson-3.7.12-cp39-cp39-manylinux_2_28_aarch64.whl", hash = "sha256:4b5851c0acc2a35173ba5fa854e15bf6f18757fafe1f7cce0fbc7fc24af3ec8a"},
    {file = "orjson-3.7.12-cp39-cp39-manylinux_2_28_x86_64.whl", hash = "sha256:0f2ddd043450579ba35bbcf34e9217ee4de0fc52716ae3eb6cfff5e24fcc0ba3"},
    {file = "orjson-3.7.12-cp39-cp39-musllinux_1_1_aarch64.whl", hash = "sha256:ff6006857688991e800e9d2d992195451e25353c47b313f0db859016ceb811b3"},
    {file = "orjson-3.7.12-cp39-cp39-musllinux_1_1_x86_64.whl", hash = "sha256:818405b65fa9d9d37330e57d87f91b40c10d2469d16914c7a819d0d494af482c"},
    {file = "orjson-3.7.12-cp39-none-win_amd64.whl", hash = "sha256:c1e4297b5dee3e14e068cc35505b3e1a626dd3fb8d357842902616564d2f713f"},
    {file = "orjson-3.7.12.tar.gz", hash = "sha256:05f20fa1a368207d16ecdf16072c3be58f85c4954cd2ed6c9704463963b9791a"},
]
pandas = [
    {file = "pandas-1.3.5-cp310-cp310-macosx_10_9_universal2.whl", hash = "sha256:62d5b5ce965bae78f12c1c0df0d387899dd4211ec0bdc52822373f13a3a022b9"},
    {file = "pandas-1.3.5-cp310-cp310-macosx_10_9_x86_64.whl", hash = "sha256:adfeb11be2d54f275142c8ba9bf67acee771b7186a5745249c7d5a06c670136b"},
    {file = "pandas-1.3.5-cp310-cp310-macosx_11_0_arm64.whl", hash = "sha256:60a8c055d58873ad81cae290d974d13dd479b82cbb975c3e1fa2cf1920715296"},
    {file = "pandas-1.3.5-cp310-cp310-manylinux_2_17_aarch64.manylinux2014_aarch64.whl", hash = "sha256:fd541ab09e1f80a2a1760032d665f6e032d8e44055d602d65eeea6e6e85498cb"},
    {file = "pandas-1.3.5-cp310-cp310-manylinux_2_17_x86_64.manylinux2014_x86_64.whl", hash = "sha256:2651d75b9a167cc8cc572cf787ab512d16e316ae00ba81874b560586fa1325e0"},
    {file = "pandas-1.3.5-cp310-cp310-win_amd64.whl", hash = "sha256:aaf183a615ad790801fa3cf2fa450e5b6d23a54684fe386f7e3208f8b9bfbef6"},
    {file = "pandas-1.3.5-cp37-cp37m-macosx_10_9_x86_64.whl", hash = "sha256:344295811e67f8200de2390093aeb3c8309f5648951b684d8db7eee7d1c81fb7"},
    {file = "pandas-1.3.5-cp37-cp37m-manylinux_2_17_aarch64.manylinux2014_aarch64.whl", hash = "sha256:552020bf83b7f9033b57cbae65589c01e7ef1544416122da0c79140c93288f56"},
    {file = "pandas-1.3.5-cp37-cp37m-manylinux_2_17_x86_64.manylinux2014_x86_64.whl", hash = "sha256:5cce0c6bbeb266b0e39e35176ee615ce3585233092f685b6a82362523e59e5b4"},
    {file = "pandas-1.3.5-cp37-cp37m-manylinux_2_5_i686.manylinux1_i686.manylinux_2_17_i686.manylinux2014_i686.whl", hash = "sha256:7d28a3c65463fd0d0ba8bbb7696b23073efee0510783340a44b08f5e96ffce0c"},
    {file = "pandas-1.3.5-cp37-cp37m-win32.whl", hash = "sha256:a62949c626dd0ef7de11de34b44c6475db76995c2064e2d99c6498c3dba7fe58"},
    {file = "pandas-1.3.5-cp37-cp37m-win_amd64.whl", hash = "sha256:8025750767e138320b15ca16d70d5cdc1886e8f9cc56652d89735c016cd8aea6"},
    {file = "pandas-1.3.5-cp38-cp38-macosx_10_9_x86_64.whl", hash = "sha256:fe95bae4e2d579812865db2212bb733144e34d0c6785c0685329e5b60fcb85dd"},
    {file = "pandas-1.3.5-cp38-cp38-manylinux_2_17_aarch64.manylinux2014_aarch64.whl", hash = "sha256:5f261553a1e9c65b7a310302b9dbac31cf0049a51695c14ebe04e4bfd4a96f02"},
    {file = "pandas-1.3.5-cp38-cp38-manylinux_2_17_x86_64.manylinux2014_x86_64.whl", hash = "sha256:8b6dbec5f3e6d5dc80dcfee250e0a2a652b3f28663492f7dab9a24416a48ac39"},
    {file = "pandas-1.3.5-cp38-cp38-manylinux_2_5_i686.manylinux1_i686.manylinux_2_17_i686.manylinux2014_i686.whl", hash = "sha256:d3bc49af96cd6285030a64779de5b3688633a07eb75c124b0747134a63f4c05f"},
    {file = "pandas-1.3.5-cp38-cp38-win32.whl", hash = "sha256:b6b87b2fb39e6383ca28e2829cddef1d9fc9e27e55ad91ca9c435572cdba51bf"},
    {file = "pandas-1.3.5-cp38-cp38-win_amd64.whl", hash = "sha256:a395692046fd8ce1edb4c6295c35184ae0c2bbe787ecbe384251da609e27edcb"},
    {file = "pandas-1.3.5-cp39-cp39-macosx_10_9_x86_64.whl", hash = "sha256:bd971a3f08b745a75a86c00b97f3007c2ea175951286cdda6abe543e687e5f2f"},
    {file = "pandas-1.3.5-cp39-cp39-manylinux_2_17_aarch64.manylinux2014_aarch64.whl", hash = "sha256:37f06b59e5bc05711a518aa10beaec10942188dccb48918bb5ae602ccbc9f1a0"},
    {file = "pandas-1.3.5-cp39-cp39-manylinux_2_17_x86_64.manylinux2014_x86_64.whl", hash = "sha256:2c21778a688d3712d35710501f8001cdbf96eb70a7c587a3d5613573299fdca6"},
    {file = "pandas-1.3.5-cp39-cp39-manylinux_2_5_i686.manylinux1_i686.manylinux_2_17_i686.manylinux2014_i686.whl", hash = "sha256:3345343206546545bc26a05b4602b6a24385b5ec7c75cb6059599e3d56831da2"},
    {file = "pandas-1.3.5-cp39-cp39-win32.whl", hash = "sha256:c69406a2808ba6cf580c2255bcf260b3f214d2664a3a4197d0e640f573b46fd3"},
    {file = "pandas-1.3.5-cp39-cp39-win_amd64.whl", hash = "sha256:32e1a26d5ade11b547721a72f9bfc4bd113396947606e00d5b4a5b79b3dcb006"},
    {file = "pandas-1.3.5.tar.gz", hash = "sha256:1e4285f5de1012de20ca46b188ccf33521bff61ba5c5ebd78b4fb28e5416a9f1"},
]
python-dateutil = [
    {file = "python-dateutil-2.8.2.tar.gz", hash = "sha256:0123cacc1627ae19ddf3c27a5de5bd67ee4586fbdd6440d9748f8abb483d3e86"},
    {file = "python_dateutil-2.8.2-py2.py3-none-any.whl", hash = "sha256:961d03dc3453ebbc59dbdea9e4e11c5651520a876d0f4db161e8674aae935da9"},
]
pytz = [
    {file = "pytz-2018.4-py2.py3-none-any.whl", hash = "sha256:65ae0c8101309c45772196b21b74c46b2e5d11b6275c45d251b150d5da334555"},
    {file = "pytz-2018.4.tar.gz", hash = "sha256:c06425302f2cf668f1bba7a0a03f3c1d34d4ebeef2c72003da308b3947c7f749"},
]
regex = [
    {file = "regex-2022.9.13-cp310-cp310-macosx_10_9_x86_64.whl", hash = "sha256:0394265391a86e2bbaa7606e59ac71bd9f1edf8665a59e42771a9c9adbf6fd4f"},
    {file = "regex-2022.9.13-cp310-cp310-macosx_11_0_arm64.whl", hash = "sha256:86df2049b18745f3cd4b0f4c4ef672bfac4b80ca488e6ecfd2bbfe68d2423a2c"},
    {file = "regex-2022.9.13-cp310-cp310-manylinux_2_17_aarch64.manylinux2014_aarch64.whl", hash = "sha256:ce331b076b2b013e7d7f07157f957974ef0b0881a808e8a4a4b3b5105aee5d04"},
    {file = "regex-2022.9.13-cp310-cp310-manylinux_2_17_ppc64le.manylinux2014_ppc64le.whl", hash = "sha256:360ffbc9357794ae41336b681dff1c0463193199dfb91fcad3ec385ea4972f46"},
    {file = "regex-2022.9.13-cp310-cp310-manylinux_2_17_s390x.manylinux2014_s390x.whl", hash = "sha256:18e503b1e515a10282b3f14f1b3d856194ecece4250e850fad230842ed31227f"},
    {file = "regex-2022.9.13-cp310-cp310-manylinux_2_17_x86_64.manylinux2014_x86_64.whl", hash = "sha256:f6e167d1ccd41d27b7b6655bb7a2dcb1b1eb1e0d2d662043470bd3b4315d8b2b"},
    {file = "regex-2022.9.13-cp310-cp310-manylinux_2_5_i686.manylinux1_i686.manylinux_2_17_i686.manylinux2014_i686.whl", hash = "sha256:4146cb7ae6029fc83b5c905ec6d806b7e5568dc14297c423e66b86294bad6c39"},
    {file = "regex-2022.9.13-cp310-cp310-manylinux_2_5_x86_64.manylinux1_x86_64.manylinux_2_12_x86_64.manylinux2010_x86_64.whl", hash = "sha256:a1aec4ae549fd7b3f52ceaf67e133010e2fba1538bf4d5fc5cd162a5e058d5df"},
    {file = "regex-2022.9.13-cp310-cp310-musllinux_1_1_aarch64.whl", hash = "sha256:cab548d6d972e1de584161487b2ac1aa82edd8430d1bde69587ba61698ad1cfb"},
    {file = "regex-2022.9.13-cp310-cp310-musllinux_1_1_i686.whl", hash = "sha256:3d64e1a7e6d98a4cdc8b29cb8d8ed38f73f49e55fbaa737bdb5933db99b9de22"},
    {file = "regex-2022.9.13-cp310-cp310-musllinux_1_1_ppc64le.whl", hash = "sha256:67a4c625361db04ae40ef7c49d3cbe2c1f5ff10b5a4491327ab20f19f2fb5d40"},
    {file = "regex-2022.9.13-cp310-cp310-musllinux_1_1_s390x.whl", hash = "sha256:5d0dd8b06896423211ce18fba0c75dacc49182a1d6514c004b535be7163dca0f"},
    {file = "regex-2022.9.13-cp310-cp310-musllinux_1_1_x86_64.whl", hash = "sha256:4318f69b79f9f7d84a7420e97d4bfe872dc767c72f891d4fea5fa721c74685f7"},
    {file = "regex-2022.9.13-cp310-cp310-win32.whl", hash = "sha256:26df88c9636a0c3f3bd9189dd435850a0c49d0b7d6e932500db3f99a6dd604d1"},
    {file = "regex-2022.9.13-cp310-cp310-win_amd64.whl", hash = "sha256:6fe1dd1021e0f8f3f454ce2811f1b0b148f2d25bb38c712fec00316551e93650"},
    {file = "regex-2022.9.13-cp311-cp311-macosx_10_9_x86_64.whl", hash = "sha256:83cc32a1a2fa5bac00f4abc0e6ce142e3c05d3a6d57e23bd0f187c59b4e1e43b"},
    {file = "regex-2022.9.13-cp311-cp311-macosx_11_0_arm64.whl", hash = "sha256:a2effeaf50a6838f3dd4d3c5d265f06eabc748f476e8441892645ae3a697e273"},
    {file = "regex-2022.9.13-cp311-cp311-manylinux_2_17_aarch64.manylinux2014_aarch64.whl", hash = "sha256:59a786a55d00439d8fae4caaf71581f2aaef7297d04ee60345c3594efef5648a"},
    {file = "regex-2022.9.13-cp311-cp311-manylinux_2_17_ppc64le.manylinux2014_ppc64le.whl", hash = "sha256:b7b701dbc124558fd2b1b08005eeca6c9160e209108fbcbd00091fcfac641ac7"},
    {file = "regex-2022.9.13-cp311-cp311-manylinux_2_17_s390x.manylinux2014_s390x.whl", hash = "sha256:dab81cc4d58026861445230cfba27f9825e9223557926e7ec22156a1a140d55c"},
    {file = "regex-2022.9.13-cp311-cp311-manylinux_2_17_x86_64.manylinux2014_x86_64.whl", hash = "sha256:7b0c5cc3d1744a67c3b433dce91e5ef7c527d612354c1f1e8576d9e86bc5c5e2"},
    {file = "regex-2022.9.13-cp311-cp311-manylinux_2_5_i686.manylinux1_i686.manylinux_2_17_i686.manylinux2014_i686.whl", hash = "sha256:518272f25da93e02af4f1e94985f5042cec21557ef3591027d0716f2adda5d0a"},
    {file = "regex-2022.9.13-cp311-cp311-musllinux_1_1_aarch64.whl", hash = "sha256:8418ee2cb857b83881b8f981e4c636bc50a0587b12d98cb9b947408a3c484fe7"},
    {file = "regex-2022.9.13-cp311-cp311-musllinux_1_1_i686.whl", hash = "sha256:cfa4c956ff0a977c4823cb3b930b0a4e82543b060733628fec7ab3eb9b1abe37"},
    {file = "regex-2022.9.13-cp311-cp311-musllinux_1_1_ppc64le.whl", hash = "sha256:a1c4d17879dd4c4432c08a1ca1ab379f12ab54af569e945b6fc1c4cf6a74ca45"},
    {file = "regex-2022.9.13-cp311-cp311-musllinux_1_1_s390x.whl", hash = "sha256:77c2879d3ba51e5ca6c2b47f2dcf3d04a976a623a8fc8236010a16c9e0b0a3c7"},
    {file = "regex-2022.9.13-cp311-cp311-musllinux_1_1_x86_64.whl", hash = "sha256:d2885ec6eea629c648ecc9bde0837ec6b92208b7f36381689937fe5d64a517e8"},
    {file = "regex-2022.9.13-cp311-cp311-win32.whl", hash = "sha256:2dda4b096a6f630d6531728a45bd12c67ec3badf44342046dc77d4897277d4f2"},
    {file = "regex-2022.9.13-cp311-cp311-win_amd64.whl", hash = "sha256:592b9e2e1862168e71d9e612bfdc22c451261967dbd46681f14e76dfba7105fd"},
    {file = "regex-2022.9.13-cp36-cp36m-macosx_10_9_x86_64.whl", hash = "sha256:df8fe00b60e4717662c7f80c810ba66dcc77309183c76b7754c0dff6f1d42054"},
    {file = "regex-2022.9.13-cp36-cp36m-manylinux_2_17_aarch64.manylinux2014_aarch64.whl", hash = "sha256:995e70bb8c91d1b99ed2aaf8ec44863e06ad1dfbb45d7df95f76ef583ec323a9"},
    {file = "regex-2022.9.13-cp36-cp36m-manylinux_2_17_ppc64le.manylinux2014_ppc64le.whl", hash = "sha256:ad75173349ad79f9d21e0d0896b27dcb37bfd233b09047bc0b4d226699cf5c87"},
    {file = "regex-2022.9.13-cp36-cp36m-manylinux_2_17_s390x.manylinux2014_s390x.whl", hash = "sha256:7681c49da1a2d4b905b4f53d86c9ba4506e79fba50c4a664d9516056e0f7dfcc"},
    {file = "regex-2022.9.13-cp36-cp36m-manylinux_2_17_x86_64.manylinux2014_x86_64.whl", hash = "sha256:9bc8edc5f8ef0ebb46f3fa0d02bd825bbe9cc63d59e428ffb6981ff9672f6de1"},
    {file = "regex-2022.9.13-cp36-cp36m-manylinux_2_5_i686.manylinux1_i686.manylinux_2_17_i686.manylinux2014_i686.whl", hash = "sha256:b7bee775ff05c9d519195bd9e8aaaccfe3971db60f89f89751ee0f234e8aeac5"},
    {file = "regex-2022.9.13-cp36-cp36m-manylinux_2_5_x86_64.manylinux1_x86_64.manylinux_2_12_x86_64.manylinux2010_x86_64.whl", hash = "sha256:1a901ce5cd42658ab8f8eade51b71a6d26ad4b68c7cfc86b87efc577dfa95602"},
    {file = "regex-2022.9.13-cp36-cp36m-musllinux_1_1_aarch64.whl", hash = "sha256:14a7ab070fa3aec288076eed6ed828587b805ef83d37c9bfccc1a4a7cfbd8111"},
    {file = "regex-2022.9.13-cp36-cp36m-musllinux_1_1_i686.whl", hash = "sha256:d23ac6b4bf9e32fcde5fcdb2e1fd5e7370d6693fcac51ee1d340f0e886f50d1f"},
    {file = "regex-2022.9.13-cp36-cp36m-musllinux_1_1_ppc64le.whl", hash = "sha256:4cdbfa6d2befeaee0c899f19222e9b20fc5abbafe5e9c43a46ef819aeb7b75e5"},
    {file = "regex-2022.9.13-cp36-cp36m-musllinux_1_1_s390x.whl", hash = "sha256:ab07934725e6f25c6f87465976cc69aef1141e86987af49d8c839c3ffd367c72"},
    {file = "regex-2022.9.13-cp36-cp36m-musllinux_1_1_x86_64.whl", hash = "sha256:d2a1371dc73e921f3c2e087c05359050f3525a9a34b476ebc8130e71bec55e97"},
    {file = "regex-2022.9.13-cp36-cp36m-win32.whl", hash = "sha256:fcbd1edff1473d90dc5cf4b52d355cf1f47b74eb7c85ba6e45f45d0116b8edbd"},
    {file = "regex-2022.9.13-cp36-cp36m-win_amd64.whl", hash = "sha256:fe428822b7a8c486bcd90b334e9ab541ce6cc0d6106993d59f201853e5e14121"},
    {file = "regex-2022.9.13-cp37-cp37m-macosx_10_9_x86_64.whl", hash = "sha256:d7430f041755801b712ec804aaf3b094b9b5facbaa93a6339812a8e00d7bd53a"},
    {file = "regex-2022.9.13-cp37-cp37m-manylinux_2_17_aarch64.manylinux2014_aarch64.whl", hash = "sha256:079c182f99c89524069b9cd96f5410d6af437e9dca576a7d59599a574972707e"},
    {file = "regex-2022.9.13-cp37-cp37m-manylinux_2_17_ppc64le.manylinux2014_ppc64le.whl", hash = "sha256:59bac44b5a07b08a261537f652c26993af9b1bbe2a29624473968dd42fc29d56"},
    {file = "regex-2022.9.13-cp37-cp37m-manylinux_2_17_s390x.manylinux2014_s390x.whl", hash = "sha256:a59d0377e58d96a6f11636e97992f5b51b7e1e89eb66332d1c01b35adbabfe8a"},
    {file = "regex-2022.9.13-cp37-cp37m-manylinux_2_17_x86_64.manylinux2014_x86_64.whl", hash = "sha256:b9d68eb704b24bc4d441b24e4a12653acd07d2c39940548761e0985a08bc1fff"},
    {file = "regex-2022.9.13-cp37-cp37m-manylinux_2_5_i686.manylinux1_i686.manylinux_2_17_i686.manylinux2014_i686.whl", hash = "sha256:0385d66e73cdd4462f3cc42c76a6576ddcc12472c30e02a2ae82061bff132c32"},
    {file = "regex-2022.9.13-cp37-cp37m-manylinux_2_5_x86_64.manylinux1_x86_64.manylinux_2_12_x86_64.manylinux2010_x86_64.whl", hash = "sha256:db45016364eec9ddbb5af93c8740c5c92eb7f5fc8848d1ae04205a40a1a2efc6"},
    {file = "regex-2022.9.13-cp37-cp37m-musllinux_1_1_aarch64.whl", hash = "sha256:03ff695518482b946a6d3d4ce9cbbd99a21320e20d94913080aa3841f880abcd"},
    {file = "regex-2022.9.13-cp37-cp37m-musllinux_1_1_i686.whl", hash = "sha256:6b32b45433df1fad7fed738fe15200b6516da888e0bd1fdd6aa5e50cc16b76bc"},
    {file = "regex-2022.9.13-cp37-cp37m-musllinux_1_1_ppc64le.whl", hash = "sha256:003a2e1449d425afc817b5f0b3d4c4aa9072dd5f3dfbf6c7631b8dc7b13233de"},
    {file = "regex-2022.9.13-cp37-cp37m-musllinux_1_1_s390x.whl", hash = "sha256:a9eb9558e1d0f78e07082d8a70d5c4d631c8dd75575fae92105df9e19c736730"},
    {file = "regex-2022.9.13-cp37-cp37m-musllinux_1_1_x86_64.whl", hash = "sha256:f6e0321921d2fdc082ef90c1fd0870f129c2e691bfdc4937dcb5cd308aba95c4"},
    {file = "regex-2022.9.13-cp37-cp37m-win32.whl", hash = "sha256:3f3b4594d564ed0b2f54463a9f328cf6a5b2a32610a90cdff778d6e3e561d08b"},
    {file = "regex-2022.9.13-cp37-cp37m-win_amd64.whl", hash = "sha256:8aba0d01e3dfd335f2cb107079b07fdddb4cd7fb2d8c8a1986f9cb8ce9246c24"},
    {file = "regex-2022.9.13-cp38-cp38-macosx_10_9_x86_64.whl", hash = "sha256:944567bb08f52268d8600ee5bdf1798b2b62ea002cc692a39cec113244cbdd0d"},
    {file = "regex-2022.9.13-cp38-cp38-macosx_11_0_arm64.whl", hash = "sha256:0b664a4d33ffc6be10996606dfc25fd3248c24cc589c0b139feb4c158053565e"},
    {file = "regex-2022.9.13-cp38-cp38-manylinux_2_17_aarch64.manylinux2014_aarch64.whl", hash = "sha256:f06cc1190f3db3192ab8949e28f2c627e1809487e2cfc435b6524c1ce6a2f391"},
    {file = "regex-2022.9.13-cp38-cp38-manylinux_2_17_ppc64le.manylinux2014_ppc64le.whl", hash = "sha256:6c57d50d4d5eb0c862569ca3c840eba2a73412f31d9ecc46ef0d6b2e621a592b"},
    {file = "regex-2022.9.13-cp38-cp38-manylinux_2_17_s390x.manylinux2014_s390x.whl", hash = "sha256:19a4da6f513045f5ba00e491215bd00122e5bd131847586522463e5a6b2bd65f"},
    {file = "regex-2022.9.13-cp38-cp38-manylinux_2_17_x86_64.manylinux2014_x86_64.whl", hash = "sha256:a926339356fe29595f8e37af71db37cd87ff764e15da8ad5129bbaff35bcc5a6"},
    {file = "regex-2022.9.13-cp38-cp38-manylinux_2_5_i686.manylinux1_i686.manylinux_2_17_i686.manylinux2014_i686.whl", hash = "sha256:091efcfdd4178a7e19a23776dc2b1fafb4f57f4d94daf340f98335817056f874"},
    {file = "regex-2022.9.13-cp38-cp38-manylinux_2_5_x86_64.manylinux1_x86_64.manylinux_2_12_x86_64.manylinux2010_x86_64.whl", hash = "sha256:880dbeb6bdde7d926b4d8e41410b16ffcd4cb3b4c6d926280fea46e2615c7a01"},
    {file = "regex-2022.9.13-cp38-cp38-musllinux_1_1_aarch64.whl", hash = "sha256:73b985c9fc09a7896846e26d7b6f4d1fd5a20437055f4ef985d44729f9f928d0"},
    {file = "regex-2022.9.13-cp38-cp38-musllinux_1_1_i686.whl", hash = "sha256:c0b7cb9598795b01f9a3dd3f770ab540889259def28a3bf9b2fa24d52edecba3"},
    {file = "regex-2022.9.13-cp38-cp38-musllinux_1_1_ppc64le.whl", hash = "sha256:37e5a26e76c46f54b3baf56a6fdd56df9db89758694516413757b7d127d4c57b"},
    {file = "regex-2022.9.13-cp38-cp38-musllinux_1_1_s390x.whl", hash = "sha256:99945ddb4f379bb9831c05e9f80f02f079ba361a0fb1fba1fc3b267639b6bb2e"},
    {file = "regex-2022.9.13-cp38-cp38-musllinux_1_1_x86_64.whl", hash = "sha256:8dcbcc9e72a791f622a32d17ff5011326a18996647509cac0609a7fc43adc229"},
    {file = "regex-2022.9.13-cp38-cp38-win32.whl", hash = "sha256:d3102ab9bf16bf541ca228012d45d88d2a567c9682a805ae2c145a79d3141fdd"},
    {file = "regex-2022.9.13-cp38-cp38-win_amd64.whl", hash = "sha256:14216ea15efc13f28d0ef1c463d86d93ca7158a79cd4aec0f9273f6d4c6bb047"},
    {file = "regex-2022.9.13-cp39-cp39-macosx_10_9_x86_64.whl", hash = "sha256:9a165a05979e212b2c2d56a9f40b69c811c98a788964e669eb322de0a3e420b4"},
    {file = "regex-2022.9.13-cp39-cp39-macosx_11_0_arm64.whl", hash = "sha256:14c71437ffb89479c89cc7022a5ea2075a842b728f37205e47c824cc17b30a42"},
    {file = "regex-2022.9.13-cp39-cp39-manylinux_2_17_aarch64.manylinux2014_aarch64.whl", hash = "sha256:ee7045623a5ace70f3765e452528b4c1f2ce669ed31959c63f54de64fe2f6ff7"},
    {file = "regex-2022.9.13-cp39-cp39-manylinux_2_17_ppc64le.manylinux2014_ppc64le.whl", hash = "sha256:6e521d9db006c5e4a0f8acfef738399f72b704913d4e083516774eb51645ad7c"},
    {file = "regex-2022.9.13-cp39-cp39-manylinux_2_17_s390x.manylinux2014_s390x.whl", hash = "sha256:b86548b8234b2be3985dbc0b385e35f5038f0f3e6251464b827b83ebf4ed90e5"},
    {file = "regex-2022.9.13-cp39-cp39-manylinux_2_17_x86_64.manylinux2014_x86_64.whl", hash = "sha256:a2b39ee3b280e15824298b97cec3f7cbbe6539d8282cc8a6047a455b9a72c598"},
    {file = "regex-2022.9.13-cp39-cp39-manylinux_2_5_i686.manylinux1_i686.manylinux_2_17_i686.manylinux2014_i686.whl", hash = "sha256:e6e6e61e9a38b6cc60ca3e19caabc90261f070f23352e66307b3d21a24a34aaf"},
    {file = "regex-2022.9.13-cp39-cp39-manylinux_2_5_x86_64.manylinux1_x86_64.manylinux_2_12_x86_64.manylinux2010_x86_64.whl", hash = "sha256:d837ccf3bd2474feabee96cd71144e991472e400ed26582edc8ca88ce259899c"},
    {file = "regex-2022.9.13-cp39-cp39-musllinux_1_1_aarch64.whl", hash = "sha256:6adfe300848d61a470ec7547adc97b0ccf86de86a99e6830f1d8c8d19ecaf6b3"},
    {file = "regex-2022.9.13-cp39-cp39-musllinux_1_1_i686.whl", hash = "sha256:d5b003d248e6f292475cd24b04e5f72c48412231961a675edcb653c70730e79e"},
    {file = "regex-2022.9.13-cp39-cp39-musllinux_1_1_ppc64le.whl", hash = "sha256:d5edd3eb877c9fc2e385173d4a4e1d792bf692d79e25c1ca391802d36ecfaa01"},
    {file = "regex-2022.9.13-cp39-cp39-musllinux_1_1_s390x.whl", hash = "sha256:50e764ffbd08b06aa8c4e86b8b568b6722c75d301b33b259099f237c46b2134e"},
    {file = "regex-2022.9.13-cp39-cp39-musllinux_1_1_x86_64.whl", hash = "sha256:6d43bd402b27e0e7eae85c612725ba1ce7798f20f6fab4e8bc3de4f263294f03"},
    {file = "regex-2022.9.13-cp39-cp39-win32.whl", hash = "sha256:7fcf7f94ccad19186820ac67e2ec7e09e0ac2dac39689f11cf71eac580503296"},
    {file = "regex-2022.9.13-cp39-cp39-win_amd64.whl", hash = "sha256:322bd5572bed36a5b39952d88e072738926759422498a96df138d93384934ff8"},
    {file = "regex-2022.9.13.tar.gz", hash = "sha256:f07373b6e56a6f3a0df3d75b651a278ca7bd357a796078a26a958ea1ce0588fd"},
]
s3transfer = [
    {file = "s3transfer-0.6.0-py3-none-any.whl", hash = "sha256:06176b74f3a15f61f1b4f25a1fc29a4429040b7647133a463da8fa5bd28d5ecd"},
    {file = "s3transfer-0.6.0.tar.gz", hash = "sha256:2ed07d3866f523cc561bf4a00fc5535827981b117dd7876f036b0c1aca42c947"},
]
simplejson = [
    {file = "simplejson-3.11.1-cp27-cp27m-win32.whl", hash = "sha256:38c2b563cd03363e7cb2bbba6c20ae4eaafd853a83954c8c8dd345ee391787bf"},
    {file = "simplejson-3.11.1-cp27-cp27m-win_amd64.whl", hash = "sha256:8d73b96a6ee7c81fd49dac7225e3846fd60b54a0b5b93a0aaea04c5a5d2e7bf2"},
    {file = "simplejson-3.11.1-cp33-cp33m-win32.whl", hash = "sha256:7f53ab6a675594f237ce7372c1edf742a6acb158149ed3259c5fffc5b613dc94"},
    {file = "simplejson-3.11.1-cp33-cp33m-win_amd64.whl", hash = "sha256:86aa9fd492230c4b8b6814fcf089b36ffba2cec4d0635c8c642135b9067ebbd7"},
    {file = "simplejson-3.11.1-cp34-cp34m-win32.whl", hash = "sha256:7df76ae6cac4a62ad5295f9a9131857077d84cb15fad2011acb2ce7410476009"},
    {file = "simplejson-3.11.1-cp34-cp34m-win_amd64.whl", hash = "sha256:a6939199c30b78ae31e62e6913f0e12cb71a4a5ad67c259e0a98688df027a5de"},
    {file = "simplejson-3.11.1-cp35-cp35m-win32.whl", hash = "sha256:11d91b88cc1e9645c79f0f6fd2961684249af963e2bbff5a00061ed4bbf55379"},
    {file = "simplejson-3.11.1-cp35-cp35m-win_amd64.whl", hash = "sha256:36b0de42e3a8a51086c339cc803f6ac7a9d1d5254066d680956a195ca12cf0d8"},
    {file = "simplejson-3.11.1.tar.gz", hash = "sha256:01a22d49ddd9a168b136f26cac87d9a335660ce07aa5c630b8e3607d6f4325e7"},
    {file = "simplejson-3.11.1.win-amd64-py2.7.exe", hash = "sha256:1975e6b621fe1c2b9321c56476e8ebe1b851006517c1d67041b378950374694c"},
    {file = "simplejson-3.11.1.win-amd64-py3.3.exe", hash = "sha256:f60f01b16215568a08611eb6a4d61d76c4173c3d69aac9cad593777056c284d5"},
    {file = "simplejson-3.11.1.win-amd64-py3.4.exe", hash = "sha256:6be48181337ac5f5d9f48c9c504f317e245519318992122a05c40e482a721d59"},
    {file = "simplejson-3.11.1.win-amd64-py3.5.exe", hash = "sha256:8ae8cdcbe49e29ddfdae0ab81c1f6c070706d18fcee86371352d0d54b47ad8ec"},
    {file = "simplejson-3.11.1.win32-py2.7.exe", hash = "sha256:ebbd52b59948350ad66205e66b299fcca0e0821ed275c21262c522f4a6cea9d2"},
    {file = "simplejson-3.11.1.win32-py3.3.exe", hash = "sha256:2dc7fb8c0c0ff9483ce31b93b700b1fa60aca9d099e6aca9813f28ff131ccf59"},
    {file = "simplejson-3.11.1.win32-py3.4.exe", hash = "sha256:97cc43ef4cb18a2725f6e26d22b96f8ca50872a195bde32707dcb284f89c1d4d"},
    {file = "simplejson-3.11.1.win32-py3.5.exe", hash = "sha256:c76d55d78dc8b06c96fd08c6cc5e2b0b650799627d3f9ca4ad23f40db72d5f6d"},
]
singer-encodings = [
    {file = "singer-encodings-0.1.2.tar.gz", hash = "sha256:4e255a0aba43c14b5c752af0b4772594ad8aa8a18cf1fd044cac58ee6b9df4f0"},
]
singer-python = [
    {file = "singer-python-5.12.1.tar.gz", hash = "sha256:10b7a9df117d8d1a432c07a72e036bbf3fbe95c67312b7d531ed48f3ae0db64b"},
]
six = [
    {file = "six-1.16.0-py2.py3-none-any.whl", hash = "sha256:8abb2f1d86890a2dfb989f9a77cfcfd3e47c2a354b01111771326f8aa26e0254"},
    {file = "six-1.16.0.tar.gz", hash = "sha256:1e61c37477a1626458e36f7b1d82aa5c9b094fa4802892072e49de9c60c4c926"},
]
urllib3 = [
    {file = "urllib3-1.26.12-py2.py3-none-any.whl", hash = "sha256:b930dd878d5a8afb066a637fbb35144fe7901e3b209d1cd4f524bd0e9deee997"},
    {file = "urllib3-1.26.12.tar.gz", hash = "sha256:3fa96cf423e6987997fc326ae8df396db2a8b7c667747d47ddd8ecba91f4a74e"},
]
voluptuous = [
    {file = "voluptuous-0.10.5.tar.gz", hash = "sha256:7a7466f8dc3666a292d186d1d871a47bf2120836ccb900d5ba904674957a2396"},
]
