[[package]]
name = "backoff"
version = "1.8.0"
description = "Function decoration for backoff and retry"
category = "main"
optional = false
python-versions = ">=2.7, !=3.0.*, !=3.1.*, !=3.2.*, !=3.3.*"

[[package]]
name = "boto3"
version = "1.24.53"
description = "The AWS SDK for Python"
category = "main"
optional = false
python-versions = ">= 3.7"

[package.dependencies]
botocore = ">=1.27.53,<1.28.0"
jmespath = ">=0.7.1,<2.0.0"
s3transfer = ">=0.6.0,<0.7.0"

[package.extras]
crt = ["botocore[crt] (>=1.21.0,<2.0a0)"]

[[package]]
name = "botocore"
version = "1.27.74"
description = "Low-level, data-driven core of boto 3."
category = "main"
optional = false
python-versions = ">= 3.7"

[package.dependencies]
jmespath = ">=0.7.1,<2.0.0"
python-dateutil = ">=2.1,<3.0.0"
urllib3 = ">=1.25.4,<1.27"

[package.extras]
crt = ["awscrt (==0.14.0)"]

[[package]]
name = "cchardet"
version = "2.1.7"
description = "cChardet is high speed universal character encoding detector."
category = "main"
optional = false
python-versions = "*"

[[package]]
name = "chardet"
version = "5.0.0"
description = "Universal encoding detector for Python 3"
category = "main"
optional = false
python-versions = ">=3.6"

[[package]]
name = "ciso8601"
version = "2.2.0"
description = "Fast ISO8601 date time parser for Python written in C"
category = "main"
optional = false
python-versions = "*"

[[package]]
name = "clevercsv"
version = "0.6.8"
description = "A Python package for handling messy CSV files"
category = "main"
optional = false
python-versions = ">=3.6.0"

[package.dependencies]
chardet = ">=3.0"
regex = ">=2018.11"

[package.extras]
dev = ["sphinx", "m2r", "pandas (>=0.24.1)", "tabview (>=1.4)", "cleo (>=0.7.6)", "clikit (>=0.4.0)", "green", "pythonfuzz", "termcolor", "sphinx-rtd-theme"]
docs = ["sphinx", "m2r"]
full = ["pandas (>=0.24.1)", "tabview (>=1.4)", "cleo (>=0.7.6)", "clikit (>=0.4.0)"]
tests = ["pandas (>=0.24.1)", "tabview (>=1.4)", "cleo (>=0.7.6)", "clikit (>=0.4.0)"]

[[package]]
name = "jmespath"
version = "0.10.0"
description = "JSON Matching Expressions"
category = "main"
optional = false
python-versions = ">=2.6, !=3.0.*, !=3.1.*, !=3.2.*"

[[package]]
name = "jsonschema"
version = "2.6.0"
description = "An implementation of JSON Schema validation for Python"
category = "main"
optional = false
python-versions = "*"

[package.extras]
format = ["rfc3987", "strict-rfc3339", "webcolors"]

[[package]]
name = "orjson"
version = "3.7.12"
description = "Fast, correct Python JSON library supporting dataclasses, datetimes, and numpy"
category = "main"
optional = false
python-versions = ">=3.7"

[[package]]
name = "python-dateutil"
version = "2.8.2"
description = "Extensions to the standard Python datetime module"
category = "main"
optional = false
python-versions = "!=3.0.*,!=3.1.*,!=3.2.*,>=2.7"

[package.dependencies]
six = ">=1.5"

[[package]]
name = "pytz"
version = "2018.4"
description = "World timezone definitions, modern and historical"
category = "main"
optional = false
python-versions = "*"

[[package]]
name = "regex"
version = "2022.8.17"
description = "Alternative regular expression module, to replace re."
category = "main"
optional = false
python-versions = ">=3.6"

[[package]]
name = "s3transfer"
version = "0.6.0"
description = "An Amazon S3 Transfer Manager"
category = "main"
optional = false
python-versions = ">= 3.7"

[package.dependencies]
botocore = ">=1.12.36,<2.0a.0"

[package.extras]
crt = ["botocore[crt] (>=1.20.29,<2.0a.0)"]

[[package]]
name = "simplejson"
version = "3.11.1"
description = "Simple, fast, extensible JSON encoder/decoder for Python"
category = "main"
optional = false
python-versions = "*"

[[package]]
name = "singer-encodings"
version = "0.1.2"
description = "Singer.io encodings library"
category = "main"
optional = false
python-versions = "*"

[package.dependencies]
singer-python = "*"

[package.extras]
dev = ["nose"]

[[package]]
name = "singer-python"
version = "5.12.1"
description = "Singer.io utility library"
category = "main"
optional = false
python-versions = "*"

[package.dependencies]
backoff = "1.8.0"
ciso8601 = "*"
jsonschema = "2.6.0"
python-dateutil = ">=2.6.0"
pytz = "2018.4"
simplejson = "3.11.1"

[package.extras]
dev = ["pylint", "ipython", "ipdb", "nose", "singer-tools"]

[[package]]
name = "six"
version = "1.16.0"
description = "Python 2 and 3 compatibility utilities"
category = "main"
optional = false
python-versions = ">=2.7, !=3.0.*, !=3.1.*, !=3.2.*"

[[package]]
name = "urllib3"
version = "1.25.11"
description = "HTTP library with thread-safe connection pooling, file post, and more."
category = "main"
optional = false
python-versions = ">=2.7, !=3.0.*, !=3.1.*, !=3.2.*, !=3.3.*, !=3.4.*, <4"

[package.extras]
brotli = ["brotlipy (>=0.6.0)"]
secure = ["pyOpenSSL (>=0.14)", "cryptography (>=1.3.4)", "idna (>=2.0.0)", "certifi", "ipaddress"]
socks = ["PySocks (>=1.5.6,!=1.5.7,<2.0)"]

[[package]]
name = "voluptuous"
version = "0.10.5"
description = "Voluptuous is a Python data validation library"
category = "main"
optional = false
python-versions = "*"

[metadata]
lock-version = "1.1"
python-versions = "~3.7"
content-hash = "4376d738fdebdf907f8817d8235ca236b34753f9cddff604e6c018863b66147e"

[metadata.files]
backoff = []
boto3 = []
botocore = []
cchardet = []
chardet = []
ciso8601 = []
clevercsv = [
    {file = "clevercsv-0.6.8-cp36-cp36m-macosx_10_9_x86_64.whl", hash = "sha256:89f4b2c5666d64c91964a2c334d7ea54b117d31a08b23045c6fe90d20a6e01b2"},
    {file = "clevercsv-0.6.8-cp36-cp36m-manylinux1_i686.whl", hash = "sha256:9492b1b3dd876e3f1c2054ab932414edec900a50304dc4bc17ac875c7312b747"},
    {file = "clevercsv-0.6.8-cp36-cp36m-manylinux1_x86_64.whl", hash = "sha256:12409a54e6aff86127fe4ab64b0cfa5ac3a26ce3ba2825a7fea7f70ff7d08356"},
    {file = "clevercsv-0.6.8-cp36-cp36m-manylinux2010_i686.whl", hash = "sha256:63e79f010eaa0118c2576d257b75998320a2b5bf15f0a6cc558c659e791f6419"},
    {file = "clevercsv-0.6.8-cp36-cp36m-manylinux2010_x86_64.whl", hash = "sha256:7c1a9e3e82e134e64037f447c2b9d82ae9e291d8ee581b371857f034b4cdfe39"},
    {file = "clevercsv-0.6.8-cp36-cp36m-win32.whl", hash = "sha256:789561efd8bf09a93e8c02c4ea46370d208f49dd5580fd8811df67826b2ab5ed"},
    {file = "clevercsv-0.6.8-cp36-cp36m-win_amd64.whl", hash = "sha256:0f69d97997760ef0c8fcaee182ba60f9fd2244a0fe6234835c2bf4bd2690be1a"},
    {file = "clevercsv-0.6.8-cp37-cp37m-macosx_10_9_x86_64.whl", hash = "sha256:8c009a9c41de156721579383c3a65e2d5fdcb95a8b5f52a31a7b5e35c7257e24"},
    {file = "clevercsv-0.6.8-cp37-cp37m-manylinux1_i686.whl", hash = "sha256:c87651bfec38cf617019e7bd28df37584d0cfaf114b51f9fb16c99d21fe6ff0e"},
    {file = "clevercsv-0.6.8-cp37-cp37m-manylinux1_x86_64.whl", hash = "sha256:c534304275a641f03e315ffb15a7c0fab19d570cc6fcdeb392135191ee025570"},
    {file = "clevercsv-0.6.8-cp37-cp37m-manylinux2010_i686.whl", hash = "sha256:61fd546d9892c705f7fa39e899127ef0806adeab4a10992dade3fc023d87b996"},
    {file = "clevercsv-0.6.8-cp37-cp37m-manylinux2010_x86_64.whl", hash = "sha256:fee93a5b2e313bd42217bf2f57e3bcf77932566a1e9ddce221d38a467b50efca"},
    {file = "clevercsv-0.6.8-cp37-cp37m-win32.whl", hash = "sha256:305e2de1e004ccf7f93018c04d627845f69ba30ce9cbcda17667d1943ccb683c"},
    {file = "clevercsv-0.6.8-cp37-cp37m-win_amd64.whl", hash = "sha256:6df70641f2372a3bbd43ae3a65ee43c1dfe50bb8c5224086b4dd6742123aee43"},
    {file = "clevercsv-0.6.8-cp38-cp38-macosx_10_9_x86_64.whl", hash = "sha256:d3f86572bb17b2b55927030bb1b64b9bdb7cbeaf3e619586fba60ea7bbf9084d"},
    {file = "clevercsv-0.6.8-cp38-cp38-manylinux1_i686.whl", hash = "sha256:ff50a0beb97a6496a7dba74d46cbb3367e1317d299b6f360176363753b5fb3a8"},
    {file = "clevercsv-0.6.8-cp38-cp38-manylinux1_x86_64.whl", hash = "sha256:9bca52f7471b25658e42e1c2e72ed1fa2f556ff48fcbcc81a5b69c81781ae271"},
    {file = "clevercsv-0.6.8-cp38-cp38-manylinux2010_i686.whl", hash = "sha256:dd2d19eb7583b1eaae028f2719f145fa8f5b41f6b4a69d7062f20838eeb68e52"},
    {file = "clevercsv-0.6.8-cp38-cp38-manylinux2010_x86_64.whl", hash = "sha256:3a928d0927dfa5a5466d735888169be776b52ed5f077161826c7bf74ba09768f"},
    {file = "clevercsv-0.6.8-cp38-cp38-win32.whl", hash = "sha256:fb5692b1e2da864475abf2fa51ba918310e9dc0bc9ab483c9aeea5bc5948869b"},
    {file = "clevercsv-0.6.8-cp38-cp38-win_amd64.whl", hash = "sha256:93d9d392b0d16a7d6588f57394f2421910b6b369660cc1a5f4e2ae6990c46830"},
    {file = "clevercsv-0.6.8-cp39-cp39-macosx_10_9_x86_64.whl", hash = "sha256:6f11159fef17690823b78d4af0178669fd8ab39fcb7960fce99c9d8341b637ae"},
    {file = "clevercsv-0.6.8-cp39-cp39-manylinux1_i686.whl", hash = "sha256:80747e7d0a4681e2d7787230d2c61309dd423cf088e7e1e51f2a1f6f1f38b9e3"},
    {file = "clevercsv-0.6.8-cp39-cp39-manylinux1_x86_64.whl", hash = "sha256:7081699e4721e457a8d94d663223d707f9ca3513cbbc0f49daa4f482110ac6ae"},
    {file = "clevercsv-0.6.8-cp39-cp39-manylinux2010_i686.whl", hash = "sha256:0cfac3caa483c7eb1e96f59004e11c445d03dd69f485672687764a3fe7a206eb"},
    {file = "clevercsv-0.6.8-cp39-cp39-manylinux2010_x86_64.whl", hash = "sha256:8d682c48d89d129f5b5f6ad9a8da26378e3c1c10384b7911c8b6679a12757f4d"},
    {file = "clevercsv-0.6.8-cp39-cp39-win32.whl", hash = "sha256:8dbd3089a4571442813eef789e51e1ea6a99e149580275f0009d6376eae9f02f"},
    {file = "clevercsv-0.6.8-cp39-cp39-win_amd64.whl", hash = "sha256:39f226a7d5a607d9c50e1d2c1f19a568d23979705a2ed39498e03c13a0b7e54f"},
    {file = "clevercsv-0.6.8.tar.gz", hash = "sha256:e2e015221d27b95b6671852f23cb6d6fd003297ee3cd1220392b51253efd21e6"},
]
jmespath = [
    {file = "jmespath-0.10.0-py2.py3-none-any.whl", hash = "sha256:cdf6525904cc597730141d61b36f2e4b8ecc257c420fa2f4549bac2c2d0cb72f"},
    {file = "jmespath-0.10.0.tar.gz", hash = "sha256:b85d0567b8666149a93172712e68920734333c0ce7e89b78b3e987f71e5ed4f9"},
]
jsonschema = []
orjson = []
python-dateutil = [
    {file = "python-dateutil-2.8.2.tar.gz", hash = "sha256:0123cacc1627ae19ddf3c27a5de5bd67ee4586fbdd6440d9748f8abb483d3e86"},
    {file = "python_dateutil-2.8.2-py2.py3-none-any.whl", hash = "sha256:961d03dc3453ebbc59dbdea9e4e11c5651520a876d0f4db161e8674aae935da9"},
]
pytz = []
regex = []
s3transfer = [
    {file = "s3transfer-0.6.0-py3-none-any.whl", hash = "sha256:06176b74f3a15f61f1b4f25a1fc29a4429040b7647133a463da8fa5bd28d5ecd"},
    {file = "s3transfer-0.6.0.tar.gz", hash = "sha256:2ed07d3866f523cc561bf4a00fc5535827981b117dd7876f036b0c1aca42c947"},
]
simplejson = []
singer-encodings = []
singer-python = []
six = [
    {file = "six-1.16.0-py2.py3-none-any.whl", hash = "sha256:8abb2f1d86890a2dfb989f9a77cfcfd3e47c2a354b01111771326f8aa26e0254"},
    {file = "six-1.16.0.tar.gz", hash = "sha256:1e61c37477a1626458e36f7b1d82aa5c9b094fa4802892072e49de9c60c4c926"},
]
urllib3 = [
    {file = "urllib3-1.25.11-py2.py3-none-any.whl", hash = "sha256:f5321fbe4bf3fefa0efd0bfe7fb14e90909eb62a48ccda331726b4319897dd5e"},
    {file = "urllib3-1.25.11.tar.gz", hash = "sha256:8d7eaa5a82a1cac232164990f04874c594c9453ec55eef02eab885aa02fc17a2"},
]
voluptuous = []
