[[package]]
name = "backoff"
version = "1.8.0"
description = "Function decoration for backoff and retry"
category = "main"
optional = false
python-versions = ">=2.7, !=3.0.*, !=3.1.*, !=3.2.*, !=3.3.*"

[[package]]
name = "boto3"
version = "1.9.57"
description = "The AWS SDK for Python"
category = "main"
optional = false
python-versions = "*"

[package.dependencies]
botocore = ">=1.12.57,<1.13.0"
jmespath = ">=0.7.1,<1.0.0"
s3transfer = ">=0.1.10,<0.2.0"

[[package]]
name = "botocore"
version = "1.12.253"
description = "Low-level, data-driven core of boto 3."
category = "main"
optional = false
python-versions = "*"

[package.dependencies]
docutils = ">=0.10,<0.16"
jmespath = ">=0.7.1,<1.0.0"
python-dateutil = {version = ">=2.1,<3.0.0", markers = "python_version >= \"2.7\""}
urllib3 = {version = ">=1.20,<1.26", markers = "python_version >= \"3.4\""}

[[package]]
name = "cchardet"
version = "2.1.7"
description = "cChardet is high speed universal character encoding detector."
category = "main"
optional = false
python-versions = "*"

[[package]]
name = "chardet"
version = "5.0.0"
description = "Universal encoding detector for Python 3"
category = "main"
optional = false
python-versions = ">=3.6"

[[package]]
name = "ciso8601"
version = "2.2.0"
description = "Fast ISO8601 date time parser for Python written in C"
category = "main"
optional = false
python-versions = "*"

[[package]]
name = "clevercsv"
version = "0.6.8"
description = "A Python package for handling messy CSV files"
category = "main"
optional = false
python-versions = ">=3.6.0"

[package.dependencies]
chardet = ">=3.0"
regex = ">=2018.11"

[package.extras]
dev = ["cleo (>=0.7.6)", "clikit (>=0.4.0)", "green", "m2r", "pandas (>=0.24.1)", "pythonfuzz", "sphinx", "sphinx-rtd-theme", "tabview (>=1.4)", "termcolor"]
docs = ["m2r", "sphinx"]
full = ["cleo (>=0.7.6)", "clikit (>=0.4.0)", "pandas (>=0.24.1)", "tabview (>=1.4)"]
tests = ["cleo (>=0.7.6)", "clikit (>=0.4.0)", "pandas (>=0.24.1)", "tabview (>=1.4)"]

[[package]]
name = "docutils"
version = "0.15.2"
description = "Docutils -- Python Documentation Utilities"
category = "main"
optional = false
python-versions = ">=2.6, !=3.0.*, !=3.1.*, !=3.2.*"

[[package]]
name = "jmespath"
version = "0.10.0"
description = "JSON Matching Expressions"
category = "main"
optional = false
python-versions = ">=2.6, !=3.0.*, !=3.1.*, !=3.2.*"

[[package]]
name = "jsonschema"
version = "2.6.0"
description = "An implementation of JSON Schema validation for Python"
category = "main"
optional = false
python-versions = "*"

[package.extras]
format = ["rfc3987", "strict-rfc3339", "webcolors"]

[[package]]
name = "python-dateutil"
version = "2.8.2"
description = "Extensions to the standard Python datetime module"
category = "main"
optional = false
python-versions = "!=3.0.*,!=3.1.*,!=3.2.*,>=2.7"

[package.dependencies]
six = ">=1.5"

[[package]]
name = "pytz"
version = "2018.4"
description = "World timezone definitions, modern and historical"
category = "main"
optional = false
python-versions = "*"

[[package]]
name = "regex"
version = "2022.8.17"
description = "Alternative regular expression module, to replace re."
category = "main"
optional = false
python-versions = ">=3.6"

[[package]]
name = "s3transfer"
version = "0.1.13"
description = "An Amazon S3 Transfer Manager"
category = "main"
optional = false
python-versions = "*"

[package.dependencies]
botocore = ">=1.3.0,<2.0.0"

[[package]]
name = "simplejson"
version = "3.11.1"
description = "Simple, fast, extensible JSON encoder/decoder for Python"
category = "main"
optional = false
python-versions = "*"

[[package]]
name = "singer-encodings"
version = "0.1.2"
description = "Singer.io encodings library"
category = "main"
optional = false
python-versions = "*"

[package.dependencies]
singer-python = "*"

[package.extras]
dev = ["nose"]

[[package]]
name = "singer-python"
version = "5.12.1"
description = "Singer.io utility library"
category = "main"
optional = false
python-versions = "*"

[package.dependencies]
backoff = "1.8.0"
ciso8601 = "*"
jsonschema = "2.6.0"
python-dateutil = ">=2.6.0"
pytz = "2018.4"
simplejson = "3.11.1"

[package.extras]
dev = ["ipdb", "ipython", "nose", "pylint", "singer-tools"]

[[package]]
name = "six"
version = "1.16.0"
description = "Python 2 and 3 compatibility utilities"
category = "main"
optional = false
python-versions = ">=2.7, !=3.0.*, !=3.1.*, !=3.2.*"

[[package]]
name = "urllib3"
version = "1.25.11"
description = "HTTP library with thread-safe connection pooling, file post, and more."
category = "main"
optional = false
python-versions = ">=2.7, !=3.0.*, !=3.1.*, !=3.2.*, !=3.3.*, !=3.4.*, <4"

[package.extras]
brotli = ["brotlipy (>=0.6.0)"]
secure = ["certifi", "cryptography (>=1.3.4)", "idna (>=2.0.0)", "ipaddress", "pyOpenSSL (>=0.14)"]
socks = ["PySocks (>=1.5.6,!=1.5.7,<2.0)"]

[[package]]
name = "voluptuous"
version = "0.10.5"
description = "Voluptuous is a Python data validation library"
category = "main"
optional = false
python-versions = "*"

[metadata]
lock-version = "1.1"
python-versions = "~3.7"
content-hash = "49c9b68855c2cfef11d0b60342f11cfe0762851200dbc9dd34f27848cae299b1"

[metadata.files]
backoff = [
    {file = "backoff-1.8.0-py2.py3-none-any.whl", hash = "sha256:d340bb6f36d025c04214b8925112d8456970e5f28dda46e4f1133bf5c622cb0a"},
    {file = "backoff-1.8.0.tar.gz", hash = "sha256:c7187f15339e775aec926dc6e5e42f8a3ad7d3c2b9a6ecae7b535000f70cd838"},
]
boto3 = [
    {file = "boto3-1.9.57-py2.py3-none-any.whl", hash = "sha256:b429d48b8e99a9fdd18c3aef68370f779e0aa76cfe275a55e1adff427d44ca9a"},
    {file = "boto3-1.9.57.tar.gz", hash = "sha256:0a0c0f0859a2be56b23823f8c1d50abf3c89d7d4d054019f24de69eeee9ad75c"},
]
botocore = [
    {file = "botocore-1.12.253-py2.py3-none-any.whl", hash = "sha256:dc080aed4f9b220a9e916ca29ca97a9d37e8e1d296fe89cbaeef929bf0c8066b"},
    {file = "botocore-1.12.253.tar.gz", hash = "sha256:3baf129118575602ada9926f5166d82d02273c250d0feb313fc270944b27c48b"},
]
cchardet = [
    {file = "cchardet-2.1.7-cp36-cp36m-macosx_10_9_x86_64.whl", hash = "sha256:c6f70139aaf47ffb94d89db603af849b82efdf756f187cdd3e566e30976c519f"},
    {file = "cchardet-2.1.7-cp36-cp36m-manylinux1_i686.whl", hash = "sha256:5a25f9577e9bebe1a085eec2d6fdd72b7a9dd680811bba652ea6090fb2ff472f"},
    {file = "cchardet-2.1.7-cp36-cp36m-manylinux1_x86_64.whl", hash = "sha256:6b6397d8a32b976a333bdae060febd39ad5479817fabf489e5596a588ad05133"},
    {file = "cchardet-2.1.7-cp36-cp36m-manylinux2010_i686.whl", hash = "sha256:228d2533987c450f39acf7548f474dd6814c446e9d6bd228e8f1d9a2d210f10b"},
    {file = "cchardet-2.1.7-cp36-cp36m-manylinux2010_x86_64.whl", hash = "sha256:54341e7e1ba9dc0add4c9d23b48d3a94e2733065c13920e85895f944596f6150"},
    {file = "cchardet-2.1.7-cp36-cp36m-win32.whl", hash = "sha256:eee4f5403dc3a37a1ca9ab87db32b48dc7e190ef84601068f45397144427cc5e"},
    {file = "cchardet-2.1.7-cp36-cp36m-win_amd64.whl", hash = "sha256:f86e0566cb61dc4397297696a4a1b30f6391b50bc52b4f073507a48466b6255a"},
    {file = "cchardet-2.1.7-cp37-cp37m-macosx_10_9_x86_64.whl", hash = "sha256:302aa443ae2526755d412c9631136bdcd1374acd08e34f527447f06f3c2ddb98"},
    {file = "cchardet-2.1.7-cp37-cp37m-manylinux1_i686.whl", hash = "sha256:70eeae8aaf61192e9b247cf28969faef00578becd2602526ecd8ae7600d25e0e"},
    {file = "cchardet-2.1.7-cp37-cp37m-manylinux1_x86_64.whl", hash = "sha256:a39526c1c526843965cec589a6f6b7c2ab07e3e56dc09a7f77a2be6a6afa4636"},
    {file = "cchardet-2.1.7-cp37-cp37m-manylinux2010_i686.whl", hash = "sha256:b154effa12886e9c18555dfc41a110f601f08d69a71809c8d908be4b1ab7314f"},
    {file = "cchardet-2.1.7-cp37-cp37m-manylinux2010_x86_64.whl", hash = "sha256:ec3eb5a9c475208cf52423524dcaf713c394393e18902e861f983c38eeb77f18"},
    {file = "cchardet-2.1.7-cp37-cp37m-win32.whl", hash = "sha256:50ad671e8d6c886496db62c3bd68b8d55060688c655873aa4ce25ca6105409a1"},
    {file = "cchardet-2.1.7-cp37-cp37m-win_amd64.whl", hash = "sha256:54d0b26fd0cd4099f08fb9c167600f3e83619abefeaa68ad823cc8ac1f7bcc0c"},
    {file = "cchardet-2.1.7-cp38-cp38-macosx_10_9_x86_64.whl", hash = "sha256:b59ddc615883835e03c26f81d5fc3671fab2d32035c87f50862de0da7d7db535"},
    {file = "cchardet-2.1.7-cp38-cp38-manylinux1_i686.whl", hash = "sha256:27a9ba87c9f99e0618e1d3081189b1217a7d110e5c5597b0b7b7c3fedd1c340a"},
    {file = "cchardet-2.1.7-cp38-cp38-manylinux1_x86_64.whl", hash = "sha256:90086e5645f8a1801350f4cc6cb5d5bf12d3fa943811bb08667744ec1ecc9ccd"},
    {file = "cchardet-2.1.7-cp38-cp38-manylinux2010_i686.whl", hash = "sha256:45456c59ec349b29628a3c6bfb86d818ec3a6fbb7eb72de4ff3bd4713681c0e3"},
    {file = "cchardet-2.1.7-cp38-cp38-manylinux2010_x86_64.whl", hash = "sha256:f16517f3697569822c6d09671217fdeab61dfebc7acb5068634d6b0728b86c0b"},
    {file = "cchardet-2.1.7-cp38-cp38-win32.whl", hash = "sha256:0b859069bbb9d27c78a2c9eb997e6f4b738db2d7039a03f8792b4058d61d1109"},
    {file = "cchardet-2.1.7-cp38-cp38-win_amd64.whl", hash = "sha256:273699c4e5cd75377776501b72a7b291a988c6eec259c29505094553ee505597"},
    {file = "cchardet-2.1.7-cp39-cp39-macosx_10_9_x86_64.whl", hash = "sha256:48ba829badef61441e08805cfa474ccd2774be2ff44b34898f5854168c596d4d"},
    {file = "cchardet-2.1.7-cp39-cp39-manylinux1_i686.whl", hash = "sha256:bd7f262f41fd9caf5a5f09207a55861a67af6ad5c66612043ed0f81c58cdf376"},
    {file = "cchardet-2.1.7-cp39-cp39-manylinux1_x86_64.whl", hash = "sha256:fdac1e4366d0579fff056d1280b8dc6348be964fda8ebb627c0269e097ab37fa"},
    {file = "cchardet-2.1.7-cp39-cp39-manylinux2010_i686.whl", hash = "sha256:80e6faae75ecb9be04a7b258dc4750d459529debb6b8dee024745b7b5a949a34"},
    {file = "cchardet-2.1.7-cp39-cp39-manylinux2010_x86_64.whl", hash = "sha256:c96aee9ebd1147400e608a3eff97c44f49811f8904e5a43069d55603ac4d8c97"},
    {file = "cchardet-2.1.7-cp39-cp39-win32.whl", hash = "sha256:2309ff8fc652b0fc3c0cff5dbb172530c7abb92fe9ba2417c9c0bcf688463c1c"},
    {file = "cchardet-2.1.7-cp39-cp39-win_amd64.whl", hash = "sha256:24974b3e40fee9e7557bb352be625c39ec6f50bc2053f44a3d1191db70b51675"},
    {file = "cchardet-2.1.7.tar.gz", hash = "sha256:c428b6336545053c2589f6caf24ea32276c6664cb86db817e03a94c60afa0eaf"},
]
chardet = [
    {file = "chardet-5.0.0-py3-none-any.whl", hash = "sha256:d3e64f022d254183001eccc5db4040520c0f23b1a3f33d6413e099eb7f126557"},
    {file = "chardet-5.0.0.tar.gz", hash = "sha256:0368df2bfd78b5fc20572bb4e9bb7fb53e2c094f60ae9993339e8671d0afb8aa"},
]
ciso8601 = [
    {file = "ciso8601-2.2.0.tar.gz", hash = "sha256:14ad817ed31a698372d42afa81b0173d71cd1d0b48b7499a2da2a01dcc8695e6"},
]
clevercsv = [
    {file = "clevercsv-0.6.8-cp36-cp36m-macosx_10_9_x86_64.whl", hash = "sha256:89f4b2c5666d64c91964a2c334d7ea54b117d31a08b23045c6fe90d20a6e01b2"},
    {file = "clevercsv-0.6.8-cp36-cp36m-manylinux1_i686.whl", hash = "sha256:9492b1b3dd876e3f1c2054ab932414edec900a50304dc4bc17ac875c7312b747"},
    {file = "clevercsv-0.6.8-cp36-cp36m-manylinux1_x86_64.whl", hash = "sha256:12409a54e6aff86127fe4ab64b0cfa5ac3a26ce3ba2825a7fea7f70ff7d08356"},
    {file = "clevercsv-0.6.8-cp36-cp36m-manylinux2010_i686.whl", hash = "sha256:63e79f010eaa0118c2576d257b75998320a2b5bf15f0a6cc558c659e791f6419"},
    {file = "clevercsv-0.6.8-cp36-cp36m-manylinux2010_x86_64.whl", hash = "sha256:7c1a9e3e82e134e64037f447c2b9d82ae9e291d8ee581b371857f034b4cdfe39"},
    {file = "clevercsv-0.6.8-cp36-cp36m-win32.whl", hash = "sha256:789561efd8bf09a93e8c02c4ea46370d208f49dd5580fd8811df67826b2ab5ed"},
    {file = "clevercsv-0.6.8-cp36-cp36m-win_amd64.whl", hash = "sha256:0f69d97997760ef0c8fcaee182ba60f9fd2244a0fe6234835c2bf4bd2690be1a"},
    {file = "clevercsv-0.6.8-cp37-cp37m-macosx_10_9_x86_64.whl", hash = "sha256:8c009a9c41de156721579383c3a65e2d5fdcb95a8b5f52a31a7b5e35c7257e24"},
    {file = "clevercsv-0.6.8-cp37-cp37m-manylinux1_i686.whl", hash = "sha256:c87651bfec38cf617019e7bd28df37584d0cfaf114b51f9fb16c99d21fe6ff0e"},
    {file = "clevercsv-0.6.8-cp37-cp37m-manylinux1_x86_64.whl", hash = "sha256:c534304275a641f03e315ffb15a7c0fab19d570cc6fcdeb392135191ee025570"},
    {file = "clevercsv-0.6.8-cp37-cp37m-manylinux2010_i686.whl", hash = "sha256:61fd546d9892c705f7fa39e899127ef0806adeab4a10992dade3fc023d87b996"},
    {file = "clevercsv-0.6.8-cp37-cp37m-manylinux2010_x86_64.whl", hash = "sha256:fee93a5b2e313bd42217bf2f57e3bcf77932566a1e9ddce221d38a467b50efca"},
    {file = "clevercsv-0.6.8-cp37-cp37m-win32.whl", hash = "sha256:305e2de1e004ccf7f93018c04d627845f69ba30ce9cbcda17667d1943ccb683c"},
    {file = "clevercsv-0.6.8-cp37-cp37m-win_amd64.whl", hash = "sha256:6df70641f2372a3bbd43ae3a65ee43c1dfe50bb8c5224086b4dd6742123aee43"},
    {file = "clevercsv-0.6.8-cp38-cp38-macosx_10_9_x86_64.whl", hash = "sha256:d3f86572bb17b2b55927030bb1b64b9bdb7cbeaf3e619586fba60ea7bbf9084d"},
    {file = "clevercsv-0.6.8-cp38-cp38-manylinux1_i686.whl", hash = "sha256:ff50a0beb97a6496a7dba74d46cbb3367e1317d299b6f360176363753b5fb3a8"},
    {file = "clevercsv-0.6.8-cp38-cp38-manylinux1_x86_64.whl", hash = "sha256:9bca52f7471b25658e42e1c2e72ed1fa2f556ff48fcbcc81a5b69c81781ae271"},
    {file = "clevercsv-0.6.8-cp38-cp38-manylinux2010_i686.whl", hash = "sha256:dd2d19eb7583b1eaae028f2719f145fa8f5b41f6b4a69d7062f20838eeb68e52"},
    {file = "clevercsv-0.6.8-cp38-cp38-manylinux2010_x86_64.whl", hash = "sha256:3a928d0927dfa5a5466d735888169be776b52ed5f077161826c7bf74ba09768f"},
    {file = "clevercsv-0.6.8-cp38-cp38-win32.whl", hash = "sha256:fb5692b1e2da864475abf2fa51ba918310e9dc0bc9ab483c9aeea5bc5948869b"},
    {file = "clevercsv-0.6.8-cp38-cp38-win_amd64.whl", hash = "sha256:93d9d392b0d16a7d6588f57394f2421910b6b369660cc1a5f4e2ae6990c46830"},
    {file = "clevercsv-0.6.8-cp39-cp39-macosx_10_9_x86_64.whl", hash = "sha256:6f11159fef17690823b78d4af0178669fd8ab39fcb7960fce99c9d8341b637ae"},
    {file = "clevercsv-0.6.8-cp39-cp39-manylinux1_i686.whl", hash = "sha256:80747e7d0a4681e2d7787230d2c61309dd423cf088e7e1e51f2a1f6f1f38b9e3"},
    {file = "clevercsv-0.6.8-cp39-cp39-manylinux1_x86_64.whl", hash = "sha256:7081699e4721e457a8d94d663223d707f9ca3513cbbc0f49daa4f482110ac6ae"},
    {file = "clevercsv-0.6.8-cp39-cp39-manylinux2010_i686.whl", hash = "sha256:0cfac3caa483c7eb1e96f59004e11c445d03dd69f485672687764a3fe7a206eb"},
    {file = "clevercsv-0.6.8-cp39-cp39-manylinux2010_x86_64.whl", hash = "sha256:8d682c48d89d129f5b5f6ad9a8da26378e3c1c10384b7911c8b6679a12757f4d"},
    {file = "clevercsv-0.6.8-cp39-cp39-win32.whl", hash = "sha256:8dbd3089a4571442813eef789e51e1ea6a99e149580275f0009d6376eae9f02f"},
    {file = "clevercsv-0.6.8-cp39-cp39-win_amd64.whl", hash = "sha256:39f226a7d5a607d9c50e1d2c1f19a568d23979705a2ed39498e03c13a0b7e54f"},
    {file = "clevercsv-0.6.8.tar.gz", hash = "sha256:e2e015221d27b95b6671852f23cb6d6fd003297ee3cd1220392b51253efd21e6"},
]
docutils = [
    {file = "docutils-0.15.2-py2-none-any.whl", hash = "sha256:9e4d7ecfc600058e07ba661411a2b7de2fd0fafa17d1a7f7361cd47b1175c827"},
    {file = "docutils-0.15.2-py3-none-any.whl", hash = "sha256:6c4f696463b79f1fb8ba0c594b63840ebd41f059e92b31957c46b74a4599b6d0"},
    {file = "docutils-0.15.2.tar.gz", hash = "sha256:a2aeea129088da402665e92e0b25b04b073c04b2dce4ab65caaa38b7ce2e1a99"},
]
jmespath = [
    {file = "jmespath-0.10.0-py2.py3-none-any.whl", hash = "sha256:cdf6525904cc597730141d61b36f2e4b8ecc257c420fa2f4549bac2c2d0cb72f"},
    {file = "jmespath-0.10.0.tar.gz", hash = "sha256:b85d0567b8666149a93172712e68920734333c0ce7e89b78b3e987f71e5ed4f9"},
]
jsonschema = [
    {file = "jsonschema-2.6.0-py2.py3-none-any.whl", hash = "sha256:000e68abd33c972a5248544925a0cae7d1125f9bf6c58280d37546b946769a08"},
    {file = "jsonschema-2.6.0.tar.gz", hash = "sha256:6ff5f3180870836cae40f06fa10419f557208175f13ad7bc26caa77beb1f6e02"},
]
python-dateutil = [
    {file = "python-dateutil-2.8.2.tar.gz", hash = "sha256:0123cacc1627ae19ddf3c27a5de5bd67ee4586fbdd6440d9748f8abb483d3e86"},
    {file = "python_dateutil-2.8.2-py2.py3-none-any.whl", hash = "sha256:961d03dc3453ebbc59dbdea9e4e11c5651520a876d0f4db161e8674aae935da9"},
]
pytz = [
    {file = "pytz-2018.4-py2.py3-none-any.whl", hash = "sha256:65ae0c8101309c45772196b21b74c46b2e5d11b6275c45d251b150d5da334555"},
    {file = "pytz-2018.4.tar.gz", hash = "sha256:c06425302f2cf668f1bba7a0a03f3c1d34d4ebeef2c72003da308b3947c7f749"},
]
regex = [
    {file = "regex-2022.8.17-cp310-cp310-macosx_10_9_x86_64.whl", hash = "sha256:840063aa8eeb1dda07d7d7dee15648838bffef1d415f5f79061854a182a429aa"},
    {file = "regex-2022.8.17-cp310-cp310-macosx_11_0_arm64.whl", hash = "sha256:1df31eaf147ecff3665ba861acb8f78221cd5501df072c9151dfa341dd24599f"},
    {file = "regex-2022.8.17-cp310-cp310-manylinux_2_17_aarch64.manylinux2014_aarch64.whl", hash = "sha256:085ca3dc9360c0210e0a70e5d34d66454a06077644e7679fef6358b1f053e62e"},
    {file = "regex-2022.8.17-cp310-cp310-manylinux_2_17_ppc64le.manylinux2014_ppc64le.whl", hash = "sha256:21b6f939916aa61beea56393ebc8a9999060632ac22b8193c2cb67d6fd7cb2c3"},
    {file = "regex-2022.8.17-cp310-cp310-manylinux_2_17_s390x.manylinux2014_s390x.whl", hash = "sha256:0a9d5a64e974bc5f160f30f76aaf993d49eeddb405676be6bf76a5a2c131e185"},
    {file = "regex-2022.8.17-cp310-cp310-manylinux_2_17_x86_64.manylinux2014_x86_64.whl", hash = "sha256:d13bd83284b46c304eb10de93f8a3f2c80361f91f4e8a4e1273caf83e16c4409"},
    {file = "regex-2022.8.17-cp310-cp310-manylinux_2_5_i686.manylinux1_i686.manylinux_2_17_i686.manylinux2014_i686.whl", hash = "sha256:7a52d547259495a53e61e37ffc6d5cecf8d298aeb1bc0d9b25289d65ddb31183"},
    {file = "regex-2022.8.17-cp310-cp310-manylinux_2_5_x86_64.manylinux1_x86_64.manylinux_2_12_x86_64.manylinux2010_x86_64.whl", hash = "sha256:be6f5b453f7ed2219a9555bb6840663950b9ab1dc034216f68eac64db66633c2"},
    {file = "regex-2022.8.17-cp310-cp310-musllinux_1_1_aarch64.whl", hash = "sha256:a1e283ad918df44bad3ccf042c2fe283c63d17617570eb91b8c370ef677b0b83"},
    {file = "regex-2022.8.17-cp310-cp310-musllinux_1_1_i686.whl", hash = "sha256:5d541bc430a74c787684d1ebcd205a5212a88c3de73848143e77489b2c25b911"},
    {file = "regex-2022.8.17-cp310-cp310-musllinux_1_1_ppc64le.whl", hash = "sha256:c78c72f7878071a78337510ec78ab856d60b4bdcd3a95fd68b939e7cb30434b3"},
    {file = "regex-2022.8.17-cp310-cp310-musllinux_1_1_s390x.whl", hash = "sha256:6b30c8d299ba48ee919064628fd8bc296bdc6e4827d315491bea39437130d3e1"},
    {file = "regex-2022.8.17-cp310-cp310-musllinux_1_1_x86_64.whl", hash = "sha256:02b6dc102123f5178796dcdb5a90f6e88895607fd1a1d115d8de1af8161ca2b4"},
    {file = "regex-2022.8.17-cp310-cp310-win32.whl", hash = "sha256:5f14430535645712f546f1e07013507d1cc0c8abd851811dacce8c7fb584bf52"},
    {file = "regex-2022.8.17-cp310-cp310-win_amd64.whl", hash = "sha256:c4f6609f6e867a58cdf173e1cbe1f3736d25962108bd5cb01ad5a130875ff2c8"},
    {file = "regex-2022.8.17-cp36-cp36m-macosx_10_9_x86_64.whl", hash = "sha256:4dad9d68574e93e1e23be53b4ecfb0f083bd5cc08cc7f1984a4ee3ebf12aa446"},
    {file = "regex-2022.8.17-cp36-cp36m-manylinux_2_17_aarch64.manylinux2014_aarch64.whl", hash = "sha256:62d56a9d3c1e5a83076db4da060dad7ea35ac2f3cbd3c53ba5a51fe0caedb500"},
    {file = "regex-2022.8.17-cp36-cp36m-manylinux_2_17_ppc64le.manylinux2014_ppc64le.whl", hash = "sha256:61f6966371fa1cbf26c6209771a02bef80336cdaca0c0af4dfa33d51019c0b93"},
    {file = "regex-2022.8.17-cp36-cp36m-manylinux_2_17_s390x.manylinux2014_s390x.whl", hash = "sha256:c76dd2c0615a28de21c97f9f6862e84faef58ff4d700196b4e395ef6a52291e4"},
    {file = "regex-2022.8.17-cp36-cp36m-manylinux_2_17_x86_64.manylinux2014_x86_64.whl", hash = "sha256:370b1d7aed26e29915c3fb3e72e327f194824a76cedb60c0b9f6c6af53e89d72"},
    {file = "regex-2022.8.17-cp36-cp36m-manylinux_2_5_i686.manylinux1_i686.manylinux_2_17_i686.manylinux2014_i686.whl", hash = "sha256:634f090a388351eadf1dcc1d168a190718fb68efb4b8fdc1b119cf837ca01905"},
    {file = "regex-2022.8.17-cp36-cp36m-manylinux_2_5_x86_64.manylinux1_x86_64.manylinux_2_12_x86_64.manylinux2010_x86_64.whl", hash = "sha256:79f34d5833cd0d53ecf48bc030e4da3216bd4846224d17eeb64509be5cb098fd"},
    {file = "regex-2022.8.17-cp36-cp36m-musllinux_1_1_aarch64.whl", hash = "sha256:b7ddecc80e87acf12c2cf12bf3721def47188c403f04e706f104b5e71fed2f31"},
    {file = "regex-2022.8.17-cp36-cp36m-musllinux_1_1_i686.whl", hash = "sha256:6f62c8a59f6b8e608880c61b138ae22668184bc266b025d33200dcf2cebe0872"},
    {file = "regex-2022.8.17-cp36-cp36m-musllinux_1_1_ppc64le.whl", hash = "sha256:95fb62a3980cf43e76c2fe95edab06ec70dc495b8aa660975eb9f0b2ffdae1e1"},
    {file = "regex-2022.8.17-cp36-cp36m-musllinux_1_1_s390x.whl", hash = "sha256:0de0ce11c0835e1117eacbfe8fa6fa98dc0e8e746b486735cb0fdebe46a02222"},
    {file = "regex-2022.8.17-cp36-cp36m-musllinux_1_1_x86_64.whl", hash = "sha256:abe1adb32e2535aaa171e8b2b2d3f083f863c9974a3e6e7dae6bf4827fc8b983"},
    {file = "regex-2022.8.17-cp36-cp36m-win32.whl", hash = "sha256:6059ae91667932d256d9dc03abd3512ebcade322b3a42d1b8354bd1db7f66dcc"},
    {file = "regex-2022.8.17-cp36-cp36m-win_amd64.whl", hash = "sha256:6af38997f178889d417851bae8fb5c00448f7405cfcab38734d771f1dd5d5973"},
    {file = "regex-2022.8.17-cp37-cp37m-macosx_10_9_x86_64.whl", hash = "sha256:cfa62063c5eafb04e4435459ce15746b4ae6c14efeae8f16bd0e3d2895dad698"},
    {file = "regex-2022.8.17-cp37-cp37m-manylinux_2_17_aarch64.manylinux2014_aarch64.whl", hash = "sha256:64ecfcc386420192fbe98fdde777d993f7f2dfec9552e4f4024d3447d3a3e637"},
    {file = "regex-2022.8.17-cp37-cp37m-manylinux_2_17_ppc64le.manylinux2014_ppc64le.whl", hash = "sha256:5910bb355f9517309f77101238dbacb7151ede3434a2f1fad26ecc62f13d8324"},
    {file = "regex-2022.8.17-cp37-cp37m-manylinux_2_17_s390x.manylinux2014_s390x.whl", hash = "sha256:ae85112da2d826b65aa7c7369c56ca41d9a89644312172979cbee5cf788e0b09"},
    {file = "regex-2022.8.17-cp37-cp37m-manylinux_2_17_x86_64.manylinux2014_x86_64.whl", hash = "sha256:6f0c8807bac16984901c0573725bad786f2f004f9bd5df8476c6431097b6c5b3"},
    {file = "regex-2022.8.17-cp37-cp37m-manylinux_2_5_i686.manylinux1_i686.manylinux_2_17_i686.manylinux2014_i686.whl", hash = "sha256:53c9eca0d6070a8a3de42182ad26daf90ba12132eb74a2f45702332762aff84e"},
    {file = "regex-2022.8.17-cp37-cp37m-manylinux_2_5_x86_64.manylinux1_x86_64.manylinux_2_12_x86_64.manylinux2010_x86_64.whl", hash = "sha256:e37886929ee83a5fa5c73164abada00e7f3cc1cbf3f8f6e1e8cfecae9d6cfc47"},
    {file = "regex-2022.8.17-cp37-cp37m-musllinux_1_1_aarch64.whl", hash = "sha256:b3379a83dc63fe06538c751961f9ed730b5d7f08f96a57bbad8d52db5820df1f"},
    {file = "regex-2022.8.17-cp37-cp37m-musllinux_1_1_i686.whl", hash = "sha256:3d3d769b3d485b28d6a591b46723dbacc696e6503f48a3ef52e6fc2c90edb482"},
    {file = "regex-2022.8.17-cp37-cp37m-musllinux_1_1_ppc64le.whl", hash = "sha256:fafed60103132e74cdfbd651abe94801eb87a9765ce275b3dca9af8f3e06622a"},
    {file = "regex-2022.8.17-cp37-cp37m-musllinux_1_1_s390x.whl", hash = "sha256:14750172c0a616140a8f496dfef28ed24080e87d06d5838e008f959ad307a8c5"},
    {file = "regex-2022.8.17-cp37-cp37m-musllinux_1_1_x86_64.whl", hash = "sha256:3aafbbf5076f2a48bcf31ceb42b410323daaa0ddb42544640592957bc906ace6"},
    {file = "regex-2022.8.17-cp37-cp37m-win32.whl", hash = "sha256:74d4aabd612d32282f3cb3ebb4436046fb840d25c754157a755bc9f66e7cd307"},
    {file = "regex-2022.8.17-cp37-cp37m-win_amd64.whl", hash = "sha256:4bd9443f7ff6e6288dd4496215c5d903f851e55cbc09d5963587af0c6d565a0a"},
    {file = "regex-2022.8.17-cp38-cp38-macosx_10_9_x86_64.whl", hash = "sha256:b3c7c6c4aac19b964c1d12784aecae7f0315314640b0f41dd6f0d4e2bf439072"},
    {file = "regex-2022.8.17-cp38-cp38-macosx_11_0_arm64.whl", hash = "sha256:bbaf6785d3f1cd3e617b9d0fb3c5528023ef7bc7cc1356234801dc1941df8ce9"},
    {file = "regex-2022.8.17-cp38-cp38-manylinux_2_17_aarch64.manylinux2014_aarch64.whl", hash = "sha256:3d83fd6dd4263595d0e4f595d4abd54397cbed52c0147f7dd148a7b72910301e"},
    {file = "regex-2022.8.17-cp38-cp38-manylinux_2_17_ppc64le.manylinux2014_ppc64le.whl", hash = "sha256:1b6d2c579ffdcbb3d93f63b6a7f697364594e1c1b6856958b3e61e3ca22c140a"},
    {file = "regex-2022.8.17-cp38-cp38-manylinux_2_17_s390x.manylinux2014_s390x.whl", hash = "sha256:8e8ec94d1b1a0a297c2c69a0bf000baf9a79607ca0c084f577f811a9b447c319"},
    {file = "regex-2022.8.17-cp38-cp38-manylinux_2_17_x86_64.manylinux2014_x86_64.whl", hash = "sha256:4bdfd016ab12c4075ef93f025b3cf4c8962b9b7a5e52bb7039ab64cb7755930c"},
    {file = "regex-2022.8.17-cp38-cp38-manylinux_2_5_i686.manylinux1_i686.manylinux_2_17_i686.manylinux2014_i686.whl", hash = "sha256:cb0c9a1476d279524538ba9a00ecec9eadcef31a6a60b2c8bd2f29f62044a559"},
    {file = "regex-2022.8.17-cp38-cp38-manylinux_2_5_x86_64.manylinux1_x86_64.manylinux_2_12_x86_64.manylinux2010_x86_64.whl", hash = "sha256:25bffa248b99b53a61b1f20fc7d19f711e38e9f0bc90d44c26670f8dc282ad7d"},
    {file = "regex-2022.8.17-cp38-cp38-musllinux_1_1_aarch64.whl", hash = "sha256:0843cc977b9cc00eb2299b624db6481d25e7f5b093f7a7c2bb727028d4a26eda"},
    {file = "regex-2022.8.17-cp38-cp38-musllinux_1_1_i686.whl", hash = "sha256:4e12a3c2d4781ee5d03f229c940934fa1e4ea4f4995e68ab97a2815b139e0804"},
    {file = "regex-2022.8.17-cp38-cp38-musllinux_1_1_ppc64le.whl", hash = "sha256:dc32029b9cc784a529f9201289d4f841cc24a2ae3126a112cd467bc41bbc2f10"},
    {file = "regex-2022.8.17-cp38-cp38-musllinux_1_1_s390x.whl", hash = "sha256:4c6554073e3e554fbb3dff88376ada3da32ca789ea1b9e381f684d49ddb61199"},
    {file = "regex-2022.8.17-cp38-cp38-musllinux_1_1_x86_64.whl", hash = "sha256:2ada67e02fa3fcca9e3b90cf24c2c6bc77f0abc126209937956aea10eeba40c7"},
    {file = "regex-2022.8.17-cp38-cp38-win32.whl", hash = "sha256:1418d3506a9582b23a27373f125ea2b0da523c581e7cf678a6f036254d134faa"},
    {file = "regex-2022.8.17-cp38-cp38-win_amd64.whl", hash = "sha256:2c198921afc811bc0f105c6e5150fbdebf9520c9b7d43cfc0ab156ca97f506d7"},
    {file = "regex-2022.8.17-cp39-cp39-macosx_10_9_x86_64.whl", hash = "sha256:7658d2dfc1dabfb008ffe12ae47b98559e2aedd8237bee12f5aafb74d90479e3"},
    {file = "regex-2022.8.17-cp39-cp39-macosx_11_0_arm64.whl", hash = "sha256:242f546fc5e49bb7395624ac3b4fc168bf454e11ace9804c58c4c3a90d84e38f"},
    {file = "regex-2022.8.17-cp39-cp39-manylinux_2_17_aarch64.manylinux2014_aarch64.whl", hash = "sha256:f7b88bc7306136b123fd1a9beed16ca02900ee31d1c36e73fa33d9e525a5562d"},
    {file = "regex-2022.8.17-cp39-cp39-manylinux_2_17_ppc64le.manylinux2014_ppc64le.whl", hash = "sha256:2240fce3af236e4586a045c1be8bbf16c4f8831e68b7df918b72fc31a80143be"},
    {file = "regex-2022.8.17-cp39-cp39-manylinux_2_17_s390x.manylinux2014_s390x.whl", hash = "sha256:e0b55651db770b4b5a6c7d015f24d1a6ede307296bbdf0c47fc5f6a6adc7abee"},
    {file = "regex-2022.8.17-cp39-cp39-manylinux_2_17_x86_64.manylinux2014_x86_64.whl", hash = "sha256:9668da78bcc219542467f51c2cd01894222be6aceec4b5efb806705900b794d8"},
    {file = "regex-2022.8.17-cp39-cp39-manylinux_2_5_i686.manylinux1_i686.manylinux_2_17_i686.manylinux2014_i686.whl", hash = "sha256:5e7c8f9f8824143c219dd93cdc733c20d2c12f154034c89bcb4911db8e45bd92"},
    {file = "regex-2022.8.17-cp39-cp39-manylinux_2_5_x86_64.manylinux1_x86_64.manylinux_2_12_x86_64.manylinux2010_x86_64.whl", hash = "sha256:c2b6404631b22617b5127c6de2355393ccda693ca733a098b6802e7dabb3457a"},
    {file = "regex-2022.8.17-cp39-cp39-musllinux_1_1_aarch64.whl", hash = "sha256:45cb798095b886e4df6ff4a1f7661eb70620ccdef127e3c3e00a1aaa22d30e53"},
    {file = "regex-2022.8.17-cp39-cp39-musllinux_1_1_i686.whl", hash = "sha256:777ceea2860a48e9e362a4e2a9a691782ea97bd05c24627c92e876fdd2c22e61"},
    {file = "regex-2022.8.17-cp39-cp39-musllinux_1_1_ppc64le.whl", hash = "sha256:99a7c5786de9e92ff5ffee2e8bed745f5d25495206f3f14656c379031e518334"},
    {file = "regex-2022.8.17-cp39-cp39-musllinux_1_1_s390x.whl", hash = "sha256:d76e585368388d99ddd2f95989e6ac80a8fe23115e93931faad99fa34550612f"},
    {file = "regex-2022.8.17-cp39-cp39-musllinux_1_1_x86_64.whl", hash = "sha256:a25d251546acb5edb1635631c4ae0e330fa4ec7c6316c01d256728fbfb9bbff2"},
    {file = "regex-2022.8.17-cp39-cp39-win32.whl", hash = "sha256:fac611bde2609a46fcbd92da7171286faa2f5c191f84d22f61cd7dc27213f51d"},
    {file = "regex-2022.8.17-cp39-cp39-win_amd64.whl", hash = "sha256:ccb986e80674c929f198464bce55e995178dea26833421e2479ff04a6956afac"},
    {file = "regex-2022.8.17.tar.gz", hash = "sha256:5c77eab46f3a2b2cd8bbe06467df783543bf7396df431eb4a144cc4b89e9fb3c"},
]
s3transfer = [
    {file = "s3transfer-0.1.13-py2.py3-none-any.whl", hash = "sha256:c7a9ec356982d5e9ab2d4b46391a7d6a950e2b04c472419f5fdec70cc0ada72f"},
    {file = "s3transfer-0.1.13.tar.gz", hash = "sha256:90dc18e028989c609146e241ea153250be451e05ecc0c2832565231dacdf59c1"},
]
simplejson = [
    {file = "simplejson-3.11.1-cp27-cp27m-win32.whl", hash = "sha256:38c2b563cd03363e7cb2bbba6c20ae4eaafd853a83954c8c8dd345ee391787bf"},
    {file = "simplejson-3.11.1-cp27-cp27m-win_amd64.whl", hash = "sha256:8d73b96a6ee7c81fd49dac7225e3846fd60b54a0b5b93a0aaea04c5a5d2e7bf2"},
    {file = "simplejson-3.11.1-cp33-cp33m-win32.whl", hash = "sha256:7f53ab6a675594f237ce7372c1edf742a6acb158149ed3259c5fffc5b613dc94"},
    {file = "simplejson-3.11.1-cp33-cp33m-win_amd64.whl", hash = "sha256:86aa9fd492230c4b8b6814fcf089b36ffba2cec4d0635c8c642135b9067ebbd7"},
    {file = "simplejson-3.11.1-cp34-cp34m-win32.whl", hash = "sha256:7df76ae6cac4a62ad5295f9a9131857077d84cb15fad2011acb2ce7410476009"},
    {file = "simplejson-3.11.1-cp34-cp34m-win_amd64.whl", hash = "sha256:a6939199c30b78ae31e62e6913f0e12cb71a4a5ad67c259e0a98688df027a5de"},
    {file = "simplejson-3.11.1-cp35-cp35m-win32.whl", hash = "sha256:11d91b88cc1e9645c79f0f6fd2961684249af963e2bbff5a00061ed4bbf55379"},
    {file = "simplejson-3.11.1-cp35-cp35m-win_amd64.whl", hash = "sha256:36b0de42e3a8a51086c339cc803f6ac7a9d1d5254066d680956a195ca12cf0d8"},
    {file = "simplejson-3.11.1.tar.gz", hash = "sha256:01a22d49ddd9a168b136f26cac87d9a335660ce07aa5c630b8e3607d6f4325e7"},
    {file = "simplejson-3.11.1.win-amd64-py2.7.exe", hash = "sha256:1975e6b621fe1c2b9321c56476e8ebe1b851006517c1d67041b378950374694c"},
    {file = "simplejson-3.11.1.win-amd64-py3.3.exe", hash = "sha256:f60f01b16215568a08611eb6a4d61d76c4173c3d69aac9cad593777056c284d5"},
    {file = "simplejson-3.11.1.win-amd64-py3.4.exe", hash = "sha256:6be48181337ac5f5d9f48c9c504f317e245519318992122a05c40e482a721d59"},
    {file = "simplejson-3.11.1.win-amd64-py3.5.exe", hash = "sha256:8ae8cdcbe49e29ddfdae0ab81c1f6c070706d18fcee86371352d0d54b47ad8ec"},
    {file = "simplejson-3.11.1.win32-py2.7.exe", hash = "sha256:ebbd52b59948350ad66205e66b299fcca0e0821ed275c21262c522f4a6cea9d2"},
    {file = "simplejson-3.11.1.win32-py3.3.exe", hash = "sha256:2dc7fb8c0c0ff9483ce31b93b700b1fa60aca9d099e6aca9813f28ff131ccf59"},
    {file = "simplejson-3.11.1.win32-py3.4.exe", hash = "sha256:97cc43ef4cb18a2725f6e26d22b96f8ca50872a195bde32707dcb284f89c1d4d"},
    {file = "simplejson-3.11.1.win32-py3.5.exe", hash = "sha256:c76d55d78dc8b06c96fd08c6cc5e2b0b650799627d3f9ca4ad23f40db72d5f6d"},
]
singer-encodings = [
    {file = "singer-encodings-0.1.2.tar.gz", hash = "sha256:4e255a0aba43c14b5c752af0b4772594ad8aa8a18cf1fd044cac58ee6b9df4f0"},
]
singer-python = [
    {file = "singer-python-5.12.1.tar.gz", hash = "sha256:10b7a9df117d8d1a432c07a72e036bbf3fbe95c67312b7d531ed48f3ae0db64b"},
]
six = [
    {file = "six-1.16.0-py2.py3-none-any.whl", hash = "sha256:8abb2f1d86890a2dfb989f9a77cfcfd3e47c2a354b01111771326f8aa26e0254"},
    {file = "six-1.16.0.tar.gz", hash = "sha256:1e61c37477a1626458e36f7b1d82aa5c9b094fa4802892072e49de9c60c4c926"},
]
urllib3 = [
    {file = "urllib3-1.25.11-py2.py3-none-any.whl", hash = "sha256:f5321fbe4bf3fefa0efd0bfe7fb14e90909eb62a48ccda331726b4319897dd5e"},
    {file = "urllib3-1.25.11.tar.gz", hash = "sha256:8d7eaa5a82a1cac232164990f04874c594c9453ec55eef02eab885aa02fc17a2"},
]
voluptuous = [
    {file = "voluptuous-0.10.5.tar.gz", hash = "sha256:7a7466f8dc3666a292d186d1d871a47bf2120836ccb900d5ba904674957a2396"},
]
